// !$*UTF8*$!
{
	archiveVersion = 1;
	classes = {
	};
	objectVersion = 56;
	objects = {

/* Begin PBXBuildFile section */
		17080FE628EF6D76002D7118 /* SenolopUITests.swift in Sources */ = {isa = PBXBuildFile; fileRef = 17080FE528EF6D76002D7118 /* SenolopUITests.swift */; };
		17080FE828EF6D76002D7118 /* SenolopUITestsLaunchTests.swift in Sources */ = {isa = PBXBuildFile; fileRef = 17080FE728EF6D76002D7118 /* SenolopUITestsLaunchTests.swift */; };
		17080FF128EF6F80002D7118 /* SnapshotHelper.swift in Sources */ = {isa = PBXBuildFile; fileRef = 17080FF028EF6F80002D7118 /* SnapshotHelper.swift */; };
		174AC93F28EE84F800E32729 /* SenolopApp.swift in Sources */ = {isa = PBXBuildFile; fileRef = 174AC93E28EE84F800E32729 /* SenolopApp.swift */; };
		174AC94128EE84F800E32729 /* Persistence.swift in Sources */ = {isa = PBXBuildFile; fileRef = 174AC94028EE84F800E32729 /* Persistence.swift */; };
		174AC94428EE84F800E32729 /* Senolop.xcdatamodeld in Sources */ = {isa = PBXBuildFile; fileRef = 174AC94228EE84F800E32729 /* Senolop.xcdatamodeld */; };
		174AC94C28EE84FA00E32729 /* Preview Assets.xcassets in Resources */ = {isa = PBXBuildFile; fileRef = 174AC94B28EE84FA00E32729 /* Preview Assets.xcassets */; };
		174AC95628EE84FA00E32729 /* SenolopTests.swift in Sources */ = {isa = PBXBuildFile; fileRef = 174AC95528EE84FA00E32729 /* SenolopTests.swift */; };
		174AC97C28EE85C700E32729 /* Assets.xcassets in Resources */ = {isa = PBXBuildFile; fileRef = 174AC96F28EE85C700E32729 /* Assets.xcassets */; };
		174AC97E28EE85C700E32729 /* Calculator.swift in Sources */ = {isa = PBXBuildFile; fileRef = 174AC97228EE85C700E32729 /* Calculator.swift */; };
		174AC97F28EE85C700E32729 /* ScientificKeyboard.swift in Sources */ = {isa = PBXBuildFile; fileRef = 174AC97328EE85C700E32729 /* ScientificKeyboard.swift */; };
		174AC98028EE85C700E32729 /* BinariesDisplay.swift in Sources */ = {isa = PBXBuildFile; fileRef = 174AC97428EE85C700E32729 /* BinariesDisplay.swift */; };
		174AC98128EE85C700E32729 /* SubscriptionView.swift in Sources */ = {isa = PBXBuildFile; fileRef = 174AC97528EE85C700E32729 /* SubscriptionView.swift */; };
		174AC98228EE85C700E32729 /* Display.swift in Sources */ = {isa = PBXBuildFile; fileRef = 174AC97628EE85C700E32729 /* Display.swift */; };
		174AC98328EE85C700E32729 /* NumericProgrammerKeyboard.swift in Sources */ = {isa = PBXBuildFile; fileRef = 174AC97728EE85C700E32729 /* NumericProgrammerKeyboard.swift */; };
		174AC98428EE85C700E32729 /* ProgrammerKeyboard.swift in Sources */ = {isa = PBXBuildFile; fileRef = 174AC97828EE85C700E32729 /* ProgrammerKeyboard.swift */; };
		174AC98528EE85C700E32729 /* Keyboard.swift in Sources */ = {isa = PBXBuildFile; fileRef = 174AC97928EE85C700E32729 /* Keyboard.swift */; };
		174AC98628EE85C700E32729 /* IntroView.swift in Sources */ = {isa = PBXBuildFile; fileRef = 174AC97A28EE85C700E32729 /* IntroView.swift */; };
		174AC98728EE85C700E32729 /* ContentView.swift in Sources */ = {isa = PBXBuildFile; fileRef = 174AC97B28EE85C700E32729 /* ContentView.swift */; };
		17606B7228F11AD9002031DC /* CalculatorView.swift in Sources */ = {isa = PBXBuildFile; fileRef = 17606B7128F11AD9002031DC /* CalculatorView.swift */; };
		179F3D1128EF644000445748 /* BasicKeyboard.swift in Sources */ = {isa = PBXBuildFile; fileRef = 17522ED428EF5AFA006A178B /* BasicKeyboard.swift */; };
/* End PBXBuildFile section */

/* Begin PBXContainerItemProxy section */
		17080FE928EF6D76002D7118 /* PBXContainerItemProxy */ = {
			isa = PBXContainerItemProxy;
			containerPortal = 174AC93328EE84F800E32729 /* Project object */;
			proxyType = 1;
			remoteGlobalIDString = 174AC93A28EE84F800E32729;
			remoteInfo = Senolop;
		};
		174AC95228EE84FA00E32729 /* PBXContainerItemProxy */ = {
			isa = PBXContainerItemProxy;
			containerPortal = 174AC93328EE84F800E32729 /* Project object */;
			proxyType = 1;
			remoteGlobalIDString = 174AC93A28EE84F800E32729;
			remoteInfo = Senolop;
		};
/* End PBXContainerItemProxy section */

/* Begin PBXFileReference section */
		17080FE328EF6D75002D7118 /* SenolopUITests.xctest */ = {isa = PBXFileReference; explicitFileType = wrapper.cfbundle; includeInIndex = 0; path = SenolopUITests.xctest; sourceTree = BUILT_PRODUCTS_DIR; };
		17080FE528EF6D76002D7118 /* SenolopUITests.swift */ = {isa = PBXFileReference; lastKnownFileType = sourcecode.swift; path = SenolopUITests.swift; sourceTree = "<group>"; };
		17080FE728EF6D76002D7118 /* SenolopUITestsLaunchTests.swift */ = {isa = PBXFileReference; lastKnownFileType = sourcecode.swift; path = SenolopUITestsLaunchTests.swift; sourceTree = "<group>"; };
		17080FF028EF6F80002D7118 /* SnapshotHelper.swift */ = {isa = PBXFileReference; fileEncoding = 4; lastKnownFileType = sourcecode.swift; name = SnapshotHelper.swift; path = fastlane/SnapshotHelper.swift; sourceTree = SOURCE_ROOT; };
		174AC93B28EE84F800E32729 /* Senolop.app */ = {isa = PBXFileReference; explicitFileType = wrapper.application; includeInIndex = 0; path = Senolop.app; sourceTree = BUILT_PRODUCTS_DIR; };
		174AC93E28EE84F800E32729 /* SenolopApp.swift */ = {isa = PBXFileReference; lastKnownFileType = sourcecode.swift; path = SenolopApp.swift; sourceTree = "<group>"; };
		174AC94028EE84F800E32729 /* Persistence.swift */ = {isa = PBXFileReference; lastKnownFileType = sourcecode.swift; path = Persistence.swift; sourceTree = "<group>"; };
		174AC94328EE84F800E32729 /* Senolop.xcdatamodel */ = {isa = PBXFileReference; lastKnownFileType = wrapper.xcdatamodel; path = Senolop.xcdatamodel; sourceTree = "<group>"; };
		174AC94928EE84FA00E32729 /* Senolop.entitlements */ = {isa = PBXFileReference; lastKnownFileType = text.plist.entitlements; path = Senolop.entitlements; sourceTree = "<group>"; };
		174AC94B28EE84FA00E32729 /* Preview Assets.xcassets */ = {isa = PBXFileReference; lastKnownFileType = folder.assetcatalog; path = "Preview Assets.xcassets"; sourceTree = "<group>"; };
		174AC95128EE84FA00E32729 /* SenolopTests.xctest */ = {isa = PBXFileReference; explicitFileType = wrapper.cfbundle; includeInIndex = 0; path = SenolopTests.xctest; sourceTree = BUILT_PRODUCTS_DIR; };
		174AC95528EE84FA00E32729 /* SenolopTests.swift */ = {isa = PBXFileReference; lastKnownFileType = sourcecode.swift; path = SenolopTests.swift; sourceTree = "<group>"; };
		174AC96F28EE85C700E32729 /* Assets.xcassets */ = {isa = PBXFileReference; lastKnownFileType = folder.assetcatalog; name = Assets.xcassets; path = Shared/Assets.xcassets; sourceTree = "<group>"; };
		174AC97228EE85C700E32729 /* Calculator.swift */ = {isa = PBXFileReference; fileEncoding = 4; lastKnownFileType = sourcecode.swift; path = Calculator.swift; sourceTree = "<group>"; };
		174AC97328EE85C700E32729 /* ScientificKeyboard.swift */ = {isa = PBXFileReference; fileEncoding = 4; lastKnownFileType = sourcecode.swift; path = ScientificKeyboard.swift; sourceTree = "<group>"; };
		174AC97428EE85C700E32729 /* BinariesDisplay.swift */ = {isa = PBXFileReference; fileEncoding = 4; lastKnownFileType = sourcecode.swift; path = BinariesDisplay.swift; sourceTree = "<group>"; };
		174AC97528EE85C700E32729 /* SubscriptionView.swift */ = {isa = PBXFileReference; fileEncoding = 4; lastKnownFileType = sourcecode.swift; path = SubscriptionView.swift; sourceTree = "<group>"; };
		174AC97628EE85C700E32729 /* Display.swift */ = {isa = PBXFileReference; fileEncoding = 4; lastKnownFileType = sourcecode.swift; path = Display.swift; sourceTree = "<group>"; };
		174AC97728EE85C700E32729 /* NumericProgrammerKeyboard.swift */ = {isa = PBXFileReference; fileEncoding = 4; lastKnownFileType = sourcecode.swift; path = NumericProgrammerKeyboard.swift; sourceTree = "<group>"; };
		174AC97828EE85C700E32729 /* ProgrammerKeyboard.swift */ = {isa = PBXFileReference; fileEncoding = 4; lastKnownFileType = sourcecode.swift; path = ProgrammerKeyboard.swift; sourceTree = "<group>"; };
		174AC97928EE85C700E32729 /* Keyboard.swift */ = {isa = PBXFileReference; fileEncoding = 4; lastKnownFileType = sourcecode.swift; path = Keyboard.swift; sourceTree = "<group>"; };
		174AC97A28EE85C700E32729 /* IntroView.swift */ = {isa = PBXFileReference; fileEncoding = 4; lastKnownFileType = sourcecode.swift; path = IntroView.swift; sourceTree = "<group>"; };
		174AC97B28EE85C700E32729 /* ContentView.swift */ = {isa = PBXFileReference; fileEncoding = 4; lastKnownFileType = sourcecode.swift; path = ContentView.swift; sourceTree = "<group>"; };
		174AC98828EF285000E32729 /* README.md */ = {isa = PBXFileReference; lastKnownFileType = net.daringfireball.markdown; path = README.md; sourceTree = "<group>"; };
		17522ED428EF5AFA006A178B /* BasicKeyboard.swift */ = {isa = PBXFileReference; lastKnownFileType = sourcecode.swift; path = BasicKeyboard.swift; sourceTree = "<group>"; };
		17606B7128F11AD9002031DC /* CalculatorView.swift */ = {isa = PBXFileReference; lastKnownFileType = sourcecode.swift; path = CalculatorView.swift; sourceTree = "<group>"; };
/* End PBXFileReference section */

/* Begin PBXFrameworksBuildPhase section */
		17080FE028EF6D75002D7118 /* Frameworks */ = {
			isa = PBXFrameworksBuildPhase;
			buildActionMask = 2147483647;
			files = (
			);
			runOnlyForDeploymentPostprocessing = 0;
		};
		174AC93828EE84F800E32729 /* Frameworks */ = {
			isa = PBXFrameworksBuildPhase;
			buildActionMask = 2147483647;
			files = (
			);
			runOnlyForDeploymentPostprocessing = 0;
		};
		174AC94E28EE84FA00E32729 /* Frameworks */ = {
			isa = PBXFrameworksBuildPhase;
			buildActionMask = 2147483647;
			files = (
			);
			runOnlyForDeploymentPostprocessing = 0;
		};
/* End PBXFrameworksBuildPhase section */

/* Begin PBXGroup section */
		17080FE428EF6D76002D7118 /* SenolopUITests */ = {
			isa = PBXGroup;
			children = (
				17080FF028EF6F80002D7118 /* SnapshotHelper.swift */,
				17080FE528EF6D76002D7118 /* SenolopUITests.swift */,
				17080FE728EF6D76002D7118 /* SenolopUITestsLaunchTests.swift */,
			);
			path = SenolopUITests;
			sourceTree = "<group>";
		};
		174AC93228EE84F800E32729 = {
			isa = PBXGroup;
			children = (
				174AC98828EF285000E32729 /* README.md */,
				174AC93D28EE84F800E32729 /* Senolop */,
				174AC95428EE84FA00E32729 /* SenolopTests */,
				17080FE428EF6D76002D7118 /* SenolopUITests */,
				174AC93C28EE84F800E32729 /* Products */,
			);
			sourceTree = "<group>";
		};
		174AC93C28EE84F800E32729 /* Products */ = {
			isa = PBXGroup;
			children = (
				174AC93B28EE84F800E32729 /* Senolop.app */,
				174AC95128EE84FA00E32729 /* SenolopTests.xctest */,
				17080FE328EF6D75002D7118 /* SenolopUITests.xctest */,
			);
			name = Products;
			sourceTree = "<group>";
		};
		174AC93D28EE84F800E32729 /* Senolop */ = {
			isa = PBXGroup;
			children = (
				174AC93E28EE84F800E32729 /* SenolopApp.swift */,
				174AC97228EE85C700E32729 /* Calculator.swift */,
				174AC94028EE84F800E32729 /* Persistence.swift */,
				174AC96E28EE85C700E32729 /* Shared */,
				174AC96F28EE85C700E32729 /* Assets.xcassets */,
				174AC94928EE84FA00E32729 /* Senolop.entitlements */,
				174AC94228EE84F800E32729 /* Senolop.xcdatamodeld */,
				174AC94A28EE84FA00E32729 /* Preview Content */,
			);
			path = Senolop;
			sourceTree = "<group>";
		};
		174AC94A28EE84FA00E32729 /* Preview Content */ = {
			isa = PBXGroup;
			children = (
				174AC94B28EE84FA00E32729 /* Preview Assets.xcassets */,
			);
			path = "Preview Content";
			sourceTree = "<group>";
		};
		174AC95428EE84FA00E32729 /* SenolopTests */ = {
			isa = PBXGroup;
			children = (
				174AC95528EE84FA00E32729 /* SenolopTests.swift */,
			);
			path = SenolopTests;
			sourceTree = "<group>";
		};
		174AC96E28EE85C700E32729 /* Shared */ = {
			isa = PBXGroup;
			children = (
				17606B7128F11AD9002031DC /* CalculatorView.swift */,
				174AC97528EE85C700E32729 /* SubscriptionView.swift */,
				174AC97A28EE85C700E32729 /* IntroView.swift */,
				174AC97428EE85C700E32729 /* BinariesDisplay.swift */,
				174AC97628EE85C700E32729 /* Display.swift */,
				179F3D1228EF644D00445748 /* Keyboard */,
				174AC97B28EE85C700E32729 /* ContentView.swift */,
			);
			path = Shared;
			sourceTree = "<group>";
		};
		179F3D1228EF644D00445748 /* Keyboard */ = {
			isa = PBXGroup;
			children = (
				174AC97928EE85C700E32729 /* Keyboard.swift */,
				174AC97728EE85C700E32729 /* NumericProgrammerKeyboard.swift */,
				174AC97328EE85C700E32729 /* ScientificKeyboard.swift */,
				174AC97828EE85C700E32729 /* ProgrammerKeyboard.swift */,
				17522ED428EF5AFA006A178B /* BasicKeyboard.swift */,
			);
			path = Keyboard;
			sourceTree = "<group>";
		};
/* End PBXGroup section */

/* Begin PBXNativeTarget section */
		17080FE228EF6D75002D7118 /* SenolopUITests */ = {
			isa = PBXNativeTarget;
			buildConfigurationList = 17080FEB28EF6D76002D7118 /* Build configuration list for PBXNativeTarget "SenolopUITests" */;
			buildPhases = (
				17080FDF28EF6D75002D7118 /* Sources */,
				17080FE028EF6D75002D7118 /* Frameworks */,
				17080FE128EF6D75002D7118 /* Resources */,
			);
			buildRules = (
			);
			dependencies = (
				17080FEA28EF6D76002D7118 /* PBXTargetDependency */,
			);
			name = SenolopUITests;
			productName = SenolopUITests;
			productReference = 17080FE328EF6D75002D7118 /* SenolopUITests.xctest */;
			productType = "com.apple.product-type.bundle.ui-testing";
		};
		174AC93A28EE84F800E32729 /* Senolop */ = {
			isa = PBXNativeTarget;
			buildConfigurationList = 174AC96528EE84FA00E32729 /* Build configuration list for PBXNativeTarget "Senolop" */;
			buildPhases = (
				174AC93728EE84F800E32729 /* Sources */,
				174AC93828EE84F800E32729 /* Frameworks */,
				174AC93928EE84F800E32729 /* Resources */,
			);
			buildRules = (
			);
			dependencies = (
			);
			name = Senolop;
			productName = Senolop;
			productReference = 174AC93B28EE84F800E32729 /* Senolop.app */;
			productType = "com.apple.product-type.application";
		};
		174AC95028EE84FA00E32729 /* SenolopTests */ = {
			isa = PBXNativeTarget;
			buildConfigurationList = 174AC96828EE84FA00E32729 /* Build configuration list for PBXNativeTarget "SenolopTests" */;
			buildPhases = (
				174AC94D28EE84FA00E32729 /* Sources */,
				174AC94E28EE84FA00E32729 /* Frameworks */,
				174AC94F28EE84FA00E32729 /* Resources */,
			);
			buildRules = (
			);
			dependencies = (
				174AC95328EE84FA00E32729 /* PBXTargetDependency */,
			);
			name = SenolopTests;
			productName = SenolopTests;
			productReference = 174AC95128EE84FA00E32729 /* SenolopTests.xctest */;
			productType = "com.apple.product-type.bundle.unit-test";
		};
/* End PBXNativeTarget section */

/* Begin PBXProject section */
		174AC93328EE84F800E32729 /* Project object */ = {
			isa = PBXProject;
			attributes = {
				BuildIndependentTargetsInParallel = 1;
				LastSwiftUpdateCheck = 1400;
				LastUpgradeCheck = 1400;
				TargetAttributes = {
					17080FE228EF6D75002D7118 = {
						CreatedOnToolsVersion = 14.0.1;
					};
					174AC93A28EE84F800E32729 = {
						CreatedOnToolsVersion = 14.0.1;
					};
					174AC95028EE84FA00E32729 = {
						CreatedOnToolsVersion = 14.0.1;
					};
				};
			};
			buildConfigurationList = 174AC93628EE84F800E32729 /* Build configuration list for PBXProject "Senolop" */;
			compatibilityVersion = "Xcode 14.0";
			developmentRegion = en;
			hasScannedForEncodings = 0;
			knownRegions = (
				en,
				Base,
			);
			mainGroup = 174AC93228EE84F800E32729;
			productRefGroup = 174AC93C28EE84F800E32729 /* Products */;
			projectDirPath = "";
			projectRoot = "";
			targets = (
				174AC93A28EE84F800E32729 /* Senolop */,
				174AC95028EE84FA00E32729 /* SenolopTests */,
				17080FE228EF6D75002D7118 /* SenolopUITests */,
			);
		};
/* End PBXProject section */

/* Begin PBXResourcesBuildPhase section */
		17080FE128EF6D75002D7118 /* Resources */ = {
			isa = PBXResourcesBuildPhase;
			buildActionMask = 2147483647;
			files = (
			);
			runOnlyForDeploymentPostprocessing = 0;
		};
		174AC93928EE84F800E32729 /* Resources */ = {
			isa = PBXResourcesBuildPhase;
			buildActionMask = 2147483647;
			files = (
				174AC94C28EE84FA00E32729 /* Preview Assets.xcassets in Resources */,
				174AC97C28EE85C700E32729 /* Assets.xcassets in Resources */,
			);
			runOnlyForDeploymentPostprocessing = 0;
		};
		174AC94F28EE84FA00E32729 /* Resources */ = {
			isa = PBXResourcesBuildPhase;
			buildActionMask = 2147483647;
			files = (
			);
			runOnlyForDeploymentPostprocessing = 0;
		};
/* End PBXResourcesBuildPhase section */

/* Begin PBXSourcesBuildPhase section */
		17080FDF28EF6D75002D7118 /* Sources */ = {
			isa = PBXSourcesBuildPhase;
			buildActionMask = 2147483647;
			files = (
				17080FE628EF6D76002D7118 /* SenolopUITests.swift in Sources */,
				17080FE828EF6D76002D7118 /* SenolopUITestsLaunchTests.swift in Sources */,
				17080FF128EF6F80002D7118 /* SnapshotHelper.swift in Sources */,
			);
			runOnlyForDeploymentPostprocessing = 0;
		};
		174AC93728EE84F800E32729 /* Sources */ = {
			isa = PBXSourcesBuildPhase;
			buildActionMask = 2147483647;
			files = (
				174AC93F28EE84F800E32729 /* SenolopApp.swift in Sources */,
				17606B7228F11AD9002031DC /* CalculatorView.swift in Sources */,
				174AC98128EE85C700E32729 /* SubscriptionView.swift in Sources */,
				174AC98728EE85C700E32729 /* ContentView.swift in Sources */,
				174AC98328EE85C700E32729 /* NumericProgrammerKeyboard.swift in Sources */,
				174AC98028EE85C700E32729 /* BinariesDisplay.swift in Sources */,
				174AC98628EE85C700E32729 /* IntroView.swift in Sources */,
				174AC98228EE85C700E32729 /* Display.swift in Sources */,
				174AC98428EE85C700E32729 /* ProgrammerKeyboard.swift in Sources */,
				174AC94128EE84F800E32729 /* Persistence.swift in Sources */,
				179F3D1128EF644000445748 /* BasicKeyboard.swift in Sources */,
				174AC97F28EE85C700E32729 /* ScientificKeyboard.swift in Sources */,
				174AC97E28EE85C700E32729 /* Calculator.swift in Sources */,
				174AC98528EE85C700E32729 /* Keyboard.swift in Sources */,
				174AC94428EE84F800E32729 /* Senolop.xcdatamodeld in Sources */,
			);
			runOnlyForDeploymentPostprocessing = 0;
		};
		174AC94D28EE84FA00E32729 /* Sources */ = {
			isa = PBXSourcesBuildPhase;
			buildActionMask = 2147483647;
			files = (
				174AC95628EE84FA00E32729 /* SenolopTests.swift in Sources */,
			);
			runOnlyForDeploymentPostprocessing = 0;
		};
/* End PBXSourcesBuildPhase section */

/* Begin PBXTargetDependency section */
		17080FEA28EF6D76002D7118 /* PBXTargetDependency */ = {
			isa = PBXTargetDependency;
			target = 174AC93A28EE84F800E32729 /* Senolop */;
			targetProxy = 17080FE928EF6D76002D7118 /* PBXContainerItemProxy */;
		};
		174AC95328EE84FA00E32729 /* PBXTargetDependency */ = {
			isa = PBXTargetDependency;
			target = 174AC93A28EE84F800E32729 /* Senolop */;
			targetProxy = 174AC95228EE84FA00E32729 /* PBXContainerItemProxy */;
		};
/* End PBXTargetDependency section */

/* Begin XCBuildConfiguration section */
		17080FEC28EF6D76002D7118 /* Debug */ = {
			isa = XCBuildConfiguration;
			buildSettings = {
				CODE_SIGN_STYLE = Automatic;
				CURRENT_PROJECT_VERSION = 1;
				DEVELOPMENT_TEAM = 55XL2R5538;
				GENERATE_INFOPLIST_FILE = YES;
				IPHONEOS_DEPLOYMENT_TARGET = 16.0;
				MARKETING_VERSION = 1.0;
				PRODUCT_BUNDLE_IDENTIFIER = tech.wcorp.SenolopUITests;
				PRODUCT_NAME = "$(TARGET_NAME)";
				PROVISIONING_PROFILE = "";
				SDKROOT = iphoneos;
				SWIFT_EMIT_LOC_STRINGS = NO;
				SWIFT_VERSION = 5.0;
				TARGETED_DEVICE_FAMILY = "1,2";
			};
			name = Debug;
		};
		17080FED28EF6D76002D7118 /* Release */ = {
			isa = XCBuildConfiguration;
			buildSettings = {
				CODE_SIGN_STYLE = Automatic;
				CURRENT_PROJECT_VERSION = 1;
				DEVELOPMENT_TEAM = 55XL2R5538;
				GENERATE_INFOPLIST_FILE = YES;
				IPHONEOS_DEPLOYMENT_TARGET = 16.0;
				MARKETING_VERSION = 1.0;
				PRODUCT_BUNDLE_IDENTIFIER = tech.wcorp.SenolopUITests;
				PRODUCT_NAME = "$(TARGET_NAME)";
				PROVISIONING_PROFILE = "";
				SDKROOT = iphoneos;
				SWIFT_EMIT_LOC_STRINGS = NO;
				SWIFT_VERSION = 5.0;
				TARGETED_DEVICE_FAMILY = "1,2";
				VALIDATE_PRODUCT = YES;
			};
			name = Release;
		};
		174AC96328EE84FA00E32729 /* Debug */ = {
			isa = XCBuildConfiguration;
			buildSettings = {
				ALWAYS_SEARCH_USER_PATHS = NO;
				CLANG_ANALYZER_NONNULL = YES;
				CLANG_ANALYZER_NUMBER_OBJECT_CONVERSION = YES_AGGRESSIVE;
				CLANG_CXX_LANGUAGE_STANDARD = "gnu++20";
				CLANG_ENABLE_MODULES = YES;
				CLANG_ENABLE_OBJC_ARC = YES;
				CLANG_ENABLE_OBJC_WEAK = YES;
				CLANG_WARN_BLOCK_CAPTURE_AUTORELEASING = YES;
				CLANG_WARN_BOOL_CONVERSION = YES;
				CLANG_WARN_COMMA = YES;
				CLANG_WARN_CONSTANT_CONVERSION = YES;
				CLANG_WARN_DEPRECATED_OBJC_IMPLEMENTATIONS = YES;
				CLANG_WARN_DIRECT_OBJC_ISA_USAGE = YES_ERROR;
				CLANG_WARN_DOCUMENTATION_COMMENTS = YES;
				CLANG_WARN_EMPTY_BODY = YES;
				CLANG_WARN_ENUM_CONVERSION = YES;
				CLANG_WARN_INFINITE_RECURSION = YES;
				CLANG_WARN_INT_CONVERSION = YES;
				CLANG_WARN_NON_LITERAL_NULL_CONVERSION = YES;
				CLANG_WARN_OBJC_IMPLICIT_RETAIN_SELF = YES;
				CLANG_WARN_OBJC_LITERAL_CONVERSION = YES;
				CLANG_WARN_OBJC_ROOT_CLASS = YES_ERROR;
				CLANG_WARN_QUOTED_INCLUDE_IN_FRAMEWORK_HEADER = YES;
				CLANG_WARN_RANGE_LOOP_ANALYSIS = YES;
				CLANG_WARN_STRICT_PROTOTYPES = YES;
				CLANG_WARN_SUSPICIOUS_MOVE = YES;
				CLANG_WARN_UNGUARDED_AVAILABILITY = YES_AGGRESSIVE;
				CLANG_WARN_UNREACHABLE_CODE = YES;
				CLANG_WARN__DUPLICATE_METHOD_MATCH = YES;
				COPY_PHASE_STRIP = NO;
				DEBUG_INFORMATION_FORMAT = dwarf;
				ENABLE_STRICT_OBJC_MSGSEND = YES;
				ENABLE_TESTABILITY = YES;
				GCC_C_LANGUAGE_STANDARD = gnu11;
				GCC_DYNAMIC_NO_PIC = NO;
				GCC_NO_COMMON_BLOCKS = YES;
				GCC_OPTIMIZATION_LEVEL = 0;
				GCC_PREPROCESSOR_DEFINITIONS = (
					"DEBUG=1",
					"$(inherited)",
				);
				GCC_WARN_64_TO_32_BIT_CONVERSION = YES;
				GCC_WARN_ABOUT_RETURN_TYPE = YES_ERROR;
				GCC_WARN_UNDECLARED_SELECTOR = YES;
				GCC_WARN_UNINITIALIZED_AUTOS = YES_AGGRESSIVE;
				GCC_WARN_UNUSED_FUNCTION = YES;
				GCC_WARN_UNUSED_VARIABLE = YES;
				MTL_ENABLE_DEBUG_INFO = INCLUDE_SOURCE;
				MTL_FAST_MATH = YES;
				ONLY_ACTIVE_ARCH = YES;
				SWIFT_ACTIVE_COMPILATION_CONDITIONS = DEBUG;
				SWIFT_OPTIMIZATION_LEVEL = "-Onone";
			};
			name = Debug;
		};
		174AC96428EE84FA00E32729 /* Release */ = {
			isa = XCBuildConfiguration;
			buildSettings = {
				ALWAYS_SEARCH_USER_PATHS = NO;
				CLANG_ANALYZER_NONNULL = YES;
				CLANG_ANALYZER_NUMBER_OBJECT_CONVERSION = YES_AGGRESSIVE;
				CLANG_CXX_LANGUAGE_STANDARD = "gnu++20";
				CLANG_ENABLE_MODULES = YES;
				CLANG_ENABLE_OBJC_ARC = YES;
				CLANG_ENABLE_OBJC_WEAK = YES;
				CLANG_WARN_BLOCK_CAPTURE_AUTORELEASING = YES;
				CLANG_WARN_BOOL_CONVERSION = YES;
				CLANG_WARN_COMMA = YES;
				CLANG_WARN_CONSTANT_CONVERSION = YES;
				CLANG_WARN_DEPRECATED_OBJC_IMPLEMENTATIONS = YES;
				CLANG_WARN_DIRECT_OBJC_ISA_USAGE = YES_ERROR;
				CLANG_WARN_DOCUMENTATION_COMMENTS = YES;
				CLANG_WARN_EMPTY_BODY = YES;
				CLANG_WARN_ENUM_CONVERSION = YES;
				CLANG_WARN_INFINITE_RECURSION = YES;
				CLANG_WARN_INT_CONVERSION = YES;
				CLANG_WARN_NON_LITERAL_NULL_CONVERSION = YES;
				CLANG_WARN_OBJC_IMPLICIT_RETAIN_SELF = YES;
				CLANG_WARN_OBJC_LITERAL_CONVERSION = YES;
				CLANG_WARN_OBJC_ROOT_CLASS = YES_ERROR;
				CLANG_WARN_QUOTED_INCLUDE_IN_FRAMEWORK_HEADER = YES;
				CLANG_WARN_RANGE_LOOP_ANALYSIS = YES;
				CLANG_WARN_STRICT_PROTOTYPES = YES;
				CLANG_WARN_SUSPICIOUS_MOVE = YES;
				CLANG_WARN_UNGUARDED_AVAILABILITY = YES_AGGRESSIVE;
				CLANG_WARN_UNREACHABLE_CODE = YES;
				CLANG_WARN__DUPLICATE_METHOD_MATCH = YES;
				COPY_PHASE_STRIP = NO;
				DEBUG_INFORMATION_FORMAT = "dwarf-with-dsym";
				ENABLE_NS_ASSERTIONS = NO;
				ENABLE_STRICT_OBJC_MSGSEND = YES;
				GCC_C_LANGUAGE_STANDARD = gnu11;
				GCC_NO_COMMON_BLOCKS = YES;
				GCC_WARN_64_TO_32_BIT_CONVERSION = YES;
				GCC_WARN_ABOUT_RETURN_TYPE = YES_ERROR;
				GCC_WARN_UNDECLARED_SELECTOR = YES;
				GCC_WARN_UNINITIALIZED_AUTOS = YES_AGGRESSIVE;
				GCC_WARN_UNUSED_FUNCTION = YES;
				GCC_WARN_UNUSED_VARIABLE = YES;
				MTL_ENABLE_DEBUG_INFO = NO;
				MTL_FAST_MATH = YES;
				SWIFT_COMPILATION_MODE = wholemodule;
				SWIFT_OPTIMIZATION_LEVEL = "-O";
			};
			name = Release;
		};
		174AC96628EE84FA00E32729 /* Debug */ = {
			isa = XCBuildConfiguration;
			buildSettings = {
				ASSETCATALOG_COMPILER_APPICON_NAME = AppIcon;
				ASSETCATALOG_COMPILER_GLOBAL_ACCENT_COLOR_NAME = AccentColor;
				CODE_SIGN_ENTITLEMENTS = Senolop/Senolop.entitlements;
				CODE_SIGN_STYLE = Automatic;
				CURRENT_PROJECT_VERSION = 13;
				DEVELOPMENT_ASSET_PATHS = "\"Senolop/Preview Content\"";
				DEVELOPMENT_TEAM = 55XL2R5538;
				ENABLE_HARDENED_RUNTIME = YES;
				ENABLE_PREVIEWS = YES;
				GENERATE_INFOPLIST_FILE = YES;
				INFOPLIST_KEY_LSApplicationCategoryType = "public.app-category.developer-tools";
				"INFOPLIST_KEY_UIApplicationSceneManifest_Generation[sdk=iphoneos*]" = YES;
				"INFOPLIST_KEY_UIApplicationSceneManifest_Generation[sdk=iphonesimulator*]" = YES;
				"INFOPLIST_KEY_UIApplicationSupportsIndirectInputEvents[sdk=iphoneos*]" = YES;
				"INFOPLIST_KEY_UIApplicationSupportsIndirectInputEvents[sdk=iphonesimulator*]" = YES;
				"INFOPLIST_KEY_UILaunchScreen_Generation[sdk=iphoneos*]" = YES;
				"INFOPLIST_KEY_UILaunchScreen_Generation[sdk=iphonesimulator*]" = YES;
				"INFOPLIST_KEY_UIStatusBarStyle[sdk=iphoneos*]" = UIStatusBarStyleDefault;
				"INFOPLIST_KEY_UIStatusBarStyle[sdk=iphonesimulator*]" = UIStatusBarStyleDefault;
				INFOPLIST_KEY_UISupportedInterfaceOrientations_iPad = "UIInterfaceOrientationPortrait UIInterfaceOrientationPortraitUpsideDown UIInterfaceOrientationLandscapeLeft UIInterfaceOrientationLandscapeRight";
				INFOPLIST_KEY_UISupportedInterfaceOrientations_iPhone = "UIInterfaceOrientationPortrait UIInterfaceOrientationLandscapeLeft UIInterfaceOrientationLandscapeRight";
				IPHONEOS_DEPLOYMENT_TARGET = 15.0;
				LD_RUNPATH_SEARCH_PATHS = "@executable_path/Frameworks";
				"LD_RUNPATH_SEARCH_PATHS[sdk=macosx*]" = "@executable_path/../Frameworks";
				MARKETING_VERSION = 1.0;
				PRODUCT_BUNDLE_IDENTIFIER = tech.wcorp.Senolop;
				PRODUCT_NAME = "$(TARGET_NAME)";
				SDKROOT = auto;
				SUPPORTED_PLATFORMS = "appletvos appletvsimulator iphoneos iphonesimulator macosx";
				SUPPORTS_MACCATALYST = NO;
				SUPPORTS_MAC_DESIGNED_FOR_IPHONE_IPAD = NO;
				SWIFT_EMIT_LOC_STRINGS = YES;
				SWIFT_VERSION = 5.0;
				TARGETED_DEVICE_FAMILY = "1,2,3";
			};
			name = Debug;
		};
		174AC96728EE84FA00E32729 /* Release */ = {
			isa = XCBuildConfiguration;
			buildSettings = {
				ASSETCATALOG_COMPILER_APPICON_NAME = AppIcon;
				ASSETCATALOG_COMPILER_GLOBAL_ACCENT_COLOR_NAME = AccentColor;
				CODE_SIGN_ENTITLEMENTS = Senolop/Senolop.entitlements;
				CODE_SIGN_STYLE = Automatic;
				CURRENT_PROJECT_VERSION = 13;
				DEVELOPMENT_ASSET_PATHS = "\"Senolop/Preview Content\"";
				DEVELOPMENT_TEAM = 55XL2R5538;
				ENABLE_HARDENED_RUNTIME = YES;
				ENABLE_PREVIEWS = YES;
				GENERATE_INFOPLIST_FILE = YES;
				INFOPLIST_KEY_LSApplicationCategoryType = "public.app-category.developer-tools";
				"INFOPLIST_KEY_UIApplicationSceneManifest_Generation[sdk=iphoneos*]" = YES;
				"INFOPLIST_KEY_UIApplicationSceneManifest_Generation[sdk=iphonesimulator*]" = YES;
				"INFOPLIST_KEY_UIApplicationSupportsIndirectInputEvents[sdk=iphoneos*]" = YES;
				"INFOPLIST_KEY_UIApplicationSupportsIndirectInputEvents[sdk=iphonesimulator*]" = YES;
				"INFOPLIST_KEY_UILaunchScreen_Generation[sdk=iphoneos*]" = YES;
				"INFOPLIST_KEY_UILaunchScreen_Generation[sdk=iphonesimulator*]" = YES;
				"INFOPLIST_KEY_UIStatusBarStyle[sdk=iphoneos*]" = UIStatusBarStyleDefault;
				"INFOPLIST_KEY_UIStatusBarStyle[sdk=iphonesimulator*]" = UIStatusBarStyleDefault;
				INFOPLIST_KEY_UISupportedInterfaceOrientations_iPad = "UIInterfaceOrientationPortrait UIInterfaceOrientationPortraitUpsideDown UIInterfaceOrientationLandscapeLeft UIInterfaceOrientationLandscapeRight";
				INFOPLIST_KEY_UISupportedInterfaceOrientations_iPhone = "UIInterfaceOrientationPortrait UIInterfaceOrientationLandscapeLeft UIInterfaceOrientationLandscapeRight";
				IPHONEOS_DEPLOYMENT_TARGET = 15.0;
				LD_RUNPATH_SEARCH_PATHS = "@executable_path/Frameworks";
				"LD_RUNPATH_SEARCH_PATHS[sdk=macosx*]" = "@executable_path/../Frameworks";
				MARKETING_VERSION = 1.0;
				PRODUCT_BUNDLE_IDENTIFIER = tech.wcorp.Senolop;
				PRODUCT_NAME = "$(TARGET_NAME)";
				SDKROOT = auto;
				SUPPORTED_PLATFORMS = "appletvos appletvsimulator iphoneos iphonesimulator macosx";
				SUPPORTS_MACCATALYST = NO;
				SUPPORTS_MAC_DESIGNED_FOR_IPHONE_IPAD = NO;
				SWIFT_EMIT_LOC_STRINGS = YES;
				SWIFT_VERSION = 5.0;
				TARGETED_DEVICE_FAMILY = "1,2,3";
			};
			name = Release;
		};
		174AC96928EE84FA00E32729 /* Debug */ = {
			isa = XCBuildConfiguration;
			buildSettings = {
				ALWAYS_EMBED_SWIFT_STANDARD_LIBRARIES = YES;
				CODE_SIGN_STYLE = Automatic;
				CURRENT_PROJECT_VERSION = 1;
				DEVELOPMENT_TEAM = 55XL2R5538;
				GENERATE_INFOPLIST_FILE = YES;
				IPHONEOS_DEPLOYMENT_TARGET = 16.0;
				MACOSX_DEPLOYMENT_TARGET = 12.3;
				MARKETING_VERSION = 1.0;
				PRODUCT_BUNDLE_IDENTIFIER = tech.wcorp.SenolopTests;
				PRODUCT_NAME = "$(TARGET_NAME)";
				SDKROOT = auto;
				SUPPORTED_PLATFORMS = "iphoneos iphonesimulator macosx";
				SWIFT_EMIT_LOC_STRINGS = NO;
				SWIFT_VERSION = 5.0;
				TARGETED_DEVICE_FAMILY = "1,2";
			};
			name = Debug;
		};
		174AC96A28EE84FA00E32729 /* Release */ = {
			isa = XCBuildConfiguration;
			buildSettings = {
				ALWAYS_EMBED_SWIFT_STANDARD_LIBRARIES = YES;
				CODE_SIGN_STYLE = Automatic;
				CURRENT_PROJECT_VERSION = 1;
				DEVELOPMENT_TEAM = 55XL2R5538;
				GENERATE_INFOPLIST_FILE = YES;
				IPHONEOS_DEPLOYMENT_TARGET = 16.0;
				MACOSX_DEPLOYMENT_TARGET = 12.3;
				MARKETING_VERSION = 1.0;
				PRODUCT_BUNDLE_IDENTIFIER = tech.wcorp.SenolopTests;
				PRODUCT_NAME = "$(TARGET_NAME)";
				SDKROOT = auto;
				SUPPORTED_PLATFORMS = "iphoneos iphonesimulator macosx";
				SWIFT_EMIT_LOC_STRINGS = NO;
				SWIFT_VERSION = 5.0;
				TARGETED_DEVICE_FAMILY = "1,2";
			};
			name = Release;
		};
/* End XCBuildConfiguration section */

/* Begin XCConfigurationList section */
		17080FEB28EF6D76002D7118 /* Build configuration list for PBXNativeTarget "SenolopUITests" */ = {
			isa = XCConfigurationList;
			buildConfigurations = (
				17080FEC28EF6D76002D7118 /* Debug */,
				17080FED28EF6D76002D7118 /* Release */,
			);
			defaultConfigurationIsVisible = 0;
			defaultConfigurationName = Release;
		};
		174AC93628EE84F800E32729 /* Build configuration list for PBXProject "Senolop" */ = {
			isa = XCConfigurationList;
			buildConfigurations = (
				174AC96328EE84FA00E32729 /* Debug */,
				174AC96428EE84FA00E32729 /* Release */,
			);
			defaultConfigurationIsVisible = 0;
			defaultConfigurationName = Release;
		};
		174AC96528EE84FA00E32729 /* Build configuration list for PBXNativeTarget "Senolop" */ = {
			isa = XCConfigurationList;
			buildConfigurations = (
				174AC96628EE84FA00E32729 /* Debug */,
				174AC96728EE84FA00E32729 /* Release */,
			);
			defaultConfigurationIsVisible = 0;
			defaultConfigurationName = Release;
		};
		174AC96828EE84FA00E32729 /* Build configuration list for PBXNativeTarget "SenolopTests" */ = {
			isa = XCConfigurationList;
			buildConfigurations = (
				174AC96928EE84FA00E32729 /* Debug */,
				174AC96A28EE84FA00E32729 /* Release */,
			);
			defaultConfigurationIsVisible = 0;
			defaultConfigurationName = Release;
		};
/* End XCConfigurationList section */

/* Begin XCVersionGroup section */
		174AC94228EE84F800E32729 /* Senolop.xcdatamodeld */ = {
			isa = XCVersionGroup;
			children = (
				174AC94328EE84F800E32729 /* Senolop.xcdatamodel */,
			);
			currentVersion = 174AC94328EE84F800E32729 /* Senolop.xcdatamodel */;
			path = Senolop.xcdatamodeld;
			sourceTree = "<group>";
			versionGroupType = wrapper.xcdatamodel;
		};
/* End XCVersionGroup section */
	};
	rootObject = 174AC93328EE84F800E32729 /* Project object */;
}
