// !$*UTF8*$!
{
	archiveVersion = 1;
	classes = {
	};
	objectVersion = 56;
	objects = {

/* Begin PBXBuildFile section */
		17012AEA290868F500D7449C /* RPN.swift in Sources */ = {isa = PBXBuildFile; fileRef = 17012AE9290868F500D7449C /* RPN.swift */; };
		17012AEC2908699400D7449C /* Scientific.swift in Sources */ = {isa = PBXBuildFile; fileRef = 17012AEB2908699300D7449C /* Scientific.swift */; };
		17012AEE2908699C00D7449C /* Programmer.swift in Sources */ = {isa = PBXBuildFile; fileRef = 17012AED2908699C00D7449C /* Programmer.swift */; };
		1708BDE828F1AAB2004C1013 /* WelcomeView.swift in Sources */ = {isa = PBXBuildFile; fileRef = 1708BDE728F1AAB2004C1013 /* WelcomeView.swift */; };
		1708BDEA28F1AB8C004C1013 /* CalculatorButton.swift in Sources */ = {isa = PBXBuildFile; fileRef = 1708BDE928F1AB8C004C1013 /* CalculatorButton.swift */; };
		17340DE329F73CE80033D100 /* TouchBar.swift in Sources */ = {isa = PBXBuildFile; fileRef = 17340DE229F73CE80033D100 /* TouchBar.swift */; };
		173C2BFD29E71FF20039DB93 /* SenolopTests.swift in Sources */ = {isa = PBXBuildFile; fileRef = 173C2BFC29E71FF20039DB93 /* SenolopTests.swift */; };
		173C2C0529E841CF0039DB93 /* CalculatorHapticsFeedbackHandler.swift in Sources */ = {isa = PBXBuildFile; fileRef = 173C2C0429E841CF0039DB93 /* CalculatorHapticsFeedbackHandler.swift */; };
		174AC93F28EE84F800E32729 /* SenolopApp.swift in Sources */ = {isa = PBXBuildFile; fileRef = 174AC93E28EE84F800E32729 /* SenolopApp.swift */; };
		174AC94C28EE84FA00E32729 /* Preview Assets.xcassets in Resources */ = {isa = PBXBuildFile; fileRef = 174AC94B28EE84FA00E32729 /* Preview Assets.xcassets */; };
		174AC97C28EE85C700E32729 /* Assets.xcassets in Resources */ = {isa = PBXBuildFile; fileRef = 174AC96F28EE85C700E32729 /* Assets.xcassets */; };
		174AC97E28EE85C700E32729 /* Calculator.swift in Sources */ = {isa = PBXBuildFile; fileRef = 174AC97228EE85C700E32729 /* Calculator.swift */; };
		174AC97F28EE85C700E32729 /* ScientificKeyboard.swift in Sources */ = {isa = PBXBuildFile; fileRef = 174AC97328EE85C700E32729 /* ScientificKeyboard.swift */; };
		174AC98028EE85C700E32729 /* BinariesDisplay.swift in Sources */ = {isa = PBXBuildFile; fileRef = 174AC97428EE85C700E32729 /* BinariesDisplay.swift */; };
		174AC98128EE85C700E32729 /* SubscriptionView.swift in Sources */ = {isa = PBXBuildFile; fileRef = 174AC97528EE85C700E32729 /* SubscriptionView.swift */; };
		174AC98228EE85C700E32729 /* Display.swift in Sources */ = {isa = PBXBuildFile; fileRef = 174AC97628EE85C700E32729 /* Display.swift */; };
		174AC98428EE85C700E32729 /* ProgrammerKeyboard.swift in Sources */ = {isa = PBXBuildFile; fileRef = 174AC97828EE85C700E32729 /* ProgrammerKeyboard.swift */; };
		174AC98528EE85C700E32729 /* Keyboard.swift in Sources */ = {isa = PBXBuildFile; fileRef = 174AC97928EE85C700E32729 /* Keyboard.swift */; };
		174AC98628EE85C700E32729 /* IntroView.swift in Sources */ = {isa = PBXBuildFile; fileRef = 174AC97A28EE85C700E32729 /* IntroView.swift */; };
		174AC98728EE85C700E32729 /* ContentView.swift in Sources */ = {isa = PBXBuildFile; fileRef = 174AC97B28EE85C700E32729 /* ContentView.swift */; };
		17606B7228F11AD9002031DC /* CalculatorView.swift in Sources */ = {isa = PBXBuildFile; fileRef = 17606B7128F11AD9002031DC /* CalculatorView.swift */; };
		176EFF9929F53A5D00317BF3 /* StringResources.swift in Sources */ = {isa = PBXBuildFile; fileRef = 176EFF9829F53A5D00317BF3 /* StringResources.swift */; };
		17DE35CE295B8029002FA5C8 /* NumericKeyboard.swift in Sources */ = {isa = PBXBuildFile; fileRef = 17DE35CD295B8029002FA5C8 /* NumericKeyboard.swift */; };
		17F243ED29F58F45008DAC68 /* Watch_SenolopApp.swift in Sources */ = {isa = PBXBuildFile; fileRef = 17F243EC29F58F45008DAC68 /* Watch_SenolopApp.swift */; };
		17F243EF29F58F45008DAC68 /* ContentView.swift in Sources */ = {isa = PBXBuildFile; fileRef = 17F243EE29F58F45008DAC68 /* ContentView.swift */; };
		17F243F129F58F49008DAC68 /* Assets.xcassets in Resources */ = {isa = PBXBuildFile; fileRef = 17F243F029F58F49008DAC68 /* Assets.xcassets */; };
		17F243F429F58F49008DAC68 /* Preview Assets.xcassets in Resources */ = {isa = PBXBuildFile; fileRef = 17F243F329F58F49008DAC68 /* Preview Assets.xcassets */; };
		17F243FE29F58F49008DAC68 /* Watch_Senolop_Watch_AppTests.swift in Sources */ = {isa = PBXBuildFile; fileRef = 17F243FD29F58F49008DAC68 /* Watch_Senolop_Watch_AppTests.swift */; };
		17F2440829F58F49008DAC68 /* Watch_Senolop_Watch_AppUITests.swift in Sources */ = {isa = PBXBuildFile; fileRef = 17F2440729F58F49008DAC68 /* Watch_Senolop_Watch_AppUITests.swift */; };
		17F2440A29F58F49008DAC68 /* Watch_Senolop_Watch_AppUITestsLaunchTests.swift in Sources */ = {isa = PBXBuildFile; fileRef = 17F2440929F58F49008DAC68 /* Watch_Senolop_Watch_AppUITestsLaunchTests.swift */; };
/* End PBXBuildFile section */

/* Begin PBXContainerItemProxy section */
		173C2BFE29E71FF20039DB93 /* PBXContainerItemProxy */ = {
			isa = PBXContainerItemProxy;
			containerPortal = 174AC93328EE84F800E32729 /* Project object */;
			proxyType = 1;
			remoteGlobalIDString = 174AC93A28EE84F800E32729;
			remoteInfo = Senolop;
		};
		17F243FA29F58F49008DAC68 /* PBXContainerItemProxy */ = {
			isa = PBXContainerItemProxy;
			containerPortal = 174AC93328EE84F800E32729 /* Project object */;
			proxyType = 1;
			remoteGlobalIDString = 17F243E929F58F45008DAC68;
			remoteInfo = "Watch Senolop Watch App";
		};
		17F2440429F58F49008DAC68 /* PBXContainerItemProxy */ = {
			isa = PBXContainerItemProxy;
			containerPortal = 174AC93328EE84F800E32729 /* Project object */;
			proxyType = 1;
			remoteGlobalIDString = 17F243E929F58F45008DAC68;
			remoteInfo = "Watch Senolop Watch App";
		};
/* End PBXContainerItemProxy section */

/* Begin PBXFileReference section */
		17012AE9290868F500D7449C /* RPN.swift */ = {isa = PBXFileReference; lastKnownFileType = sourcecode.swift; path = RPN.swift; sourceTree = "<group>"; };
		17012AEB2908699300D7449C /* Scientific.swift */ = {isa = PBXFileReference; lastKnownFileType = sourcecode.swift; path = Scientific.swift; sourceTree = "<group>"; };
		17012AED2908699C00D7449C /* Programmer.swift */ = {isa = PBXFileReference; lastKnownFileType = sourcecode.swift; path = Programmer.swift; sourceTree = "<group>"; };
		1708BDE728F1AAB2004C1013 /* WelcomeView.swift */ = {isa = PBXFileReference; lastKnownFileType = sourcecode.swift; path = WelcomeView.swift; sourceTree = "<group>"; };
		1708BDE928F1AB8C004C1013 /* CalculatorButton.swift */ = {isa = PBXFileReference; lastKnownFileType = sourcecode.swift; path = CalculatorButton.swift; sourceTree = "<group>"; };
		170E381428FA3BFE00A98A3C /* WidgetKit.framework */ = {isa = PBXFileReference; lastKnownFileType = wrapper.framework; name = WidgetKit.framework; path = System/Library/Frameworks/WidgetKit.framework; sourceTree = SDKROOT; };
		170E381628FA3BFE00A98A3C /* SwiftUI.framework */ = {isa = PBXFileReference; lastKnownFileType = wrapper.framework; name = SwiftUI.framework; path = System/Library/Frameworks/SwiftUI.framework; sourceTree = SDKROOT; };
		17340DE229F73CE80033D100 /* TouchBar.swift */ = {isa = PBXFileReference; lastKnownFileType = sourcecode.swift; path = TouchBar.swift; sourceTree = "<group>"; };
		17340DE429F740A50033D100 /* macOS App Icon */ = {isa = PBXFileReference; lastKnownFileType = folder; path = "macOS App Icon"; sourceTree = "<group>"; };
		17340DE529F742D90033D100 /* Info.plist */ = {isa = PBXFileReference; lastKnownFileType = text.plist; path = Info.plist; sourceTree = "<group>"; };
		173C2BFA29E71FF10039DB93 /* SenolopTests.xctest */ = {isa = PBXFileReference; explicitFileType = wrapper.cfbundle; includeInIndex = 0; path = SenolopTests.xctest; sourceTree = BUILT_PRODUCTS_DIR; };
		173C2BFC29E71FF20039DB93 /* SenolopTests.swift */ = {isa = PBXFileReference; lastKnownFileType = sourcecode.swift; path = SenolopTests.swift; sourceTree = "<group>"; };
		173C2C0429E841CF0039DB93 /* CalculatorHapticsFeedbackHandler.swift */ = {isa = PBXFileReference; lastKnownFileType = sourcecode.swift; path = CalculatorHapticsFeedbackHandler.swift; sourceTree = "<group>"; };
		174AC93B28EE84F800E32729 /* Senolop.app */ = {isa = PBXFileReference; explicitFileType = wrapper.application; includeInIndex = 0; path = Senolop.app; sourceTree = BUILT_PRODUCTS_DIR; };
		174AC93E28EE84F800E32729 /* SenolopApp.swift */ = {isa = PBXFileReference; lastKnownFileType = sourcecode.swift; path = SenolopApp.swift; sourceTree = "<group>"; };
		174AC94928EE84FA00E32729 /* Senolop.entitlements */ = {isa = PBXFileReference; lastKnownFileType = text.plist.entitlements; path = Senolop.entitlements; sourceTree = "<group>"; };
		174AC94B28EE84FA00E32729 /* Preview Assets.xcassets */ = {isa = PBXFileReference; lastKnownFileType = folder.assetcatalog; path = "Preview Assets.xcassets"; sourceTree = "<group>"; };
		174AC96F28EE85C700E32729 /* Assets.xcassets */ = {isa = PBXFileReference; lastKnownFileType = folder.assetcatalog; name = Assets.xcassets; path = Shared/Assets.xcassets; sourceTree = "<group>"; };
		174AC97228EE85C700E32729 /* Calculator.swift */ = {isa = PBXFileReference; fileEncoding = 4; lastKnownFileType = sourcecode.swift; path = Calculator.swift; sourceTree = "<group>"; };
		174AC97328EE85C700E32729 /* ScientificKeyboard.swift */ = {isa = PBXFileReference; fileEncoding = 4; lastKnownFileType = sourcecode.swift; path = ScientificKeyboard.swift; sourceTree = "<group>"; };
		174AC97428EE85C700E32729 /* BinariesDisplay.swift */ = {isa = PBXFileReference; fileEncoding = 4; lastKnownFileType = sourcecode.swift; path = BinariesDisplay.swift; sourceTree = "<group>"; };
		174AC97528EE85C700E32729 /* SubscriptionView.swift */ = {isa = PBXFileReference; fileEncoding = 4; lastKnownFileType = sourcecode.swift; path = SubscriptionView.swift; sourceTree = "<group>"; };
		174AC97628EE85C700E32729 /* Display.swift */ = {isa = PBXFileReference; fileEncoding = 4; lastKnownFileType = sourcecode.swift; path = Display.swift; sourceTree = "<group>"; };
		174AC97828EE85C700E32729 /* ProgrammerKeyboard.swift */ = {isa = PBXFileReference; fileEncoding = 4; lastKnownFileType = sourcecode.swift; path = ProgrammerKeyboard.swift; sourceTree = "<group>"; };
		174AC97928EE85C700E32729 /* Keyboard.swift */ = {isa = PBXFileReference; fileEncoding = 4; lastKnownFileType = sourcecode.swift; path = Keyboard.swift; sourceTree = "<group>"; };
		174AC97A28EE85C700E32729 /* IntroView.swift */ = {isa = PBXFileReference; fileEncoding = 4; lastKnownFileType = sourcecode.swift; path = IntroView.swift; sourceTree = "<group>"; };
		174AC97B28EE85C700E32729 /* ContentView.swift */ = {isa = PBXFileReference; fileEncoding = 4; lastKnownFileType = sourcecode.swift; path = ContentView.swift; sourceTree = "<group>"; };
		17606B7128F11AD9002031DC /* CalculatorView.swift */ = {isa = PBXFileReference; lastKnownFileType = sourcecode.swift; path = CalculatorView.swift; sourceTree = "<group>"; };
		176EFF9829F53A5D00317BF3 /* StringResources.swift */ = {isa = PBXFileReference; lastKnownFileType = sourcecode.swift; path = StringResources.swift; sourceTree = "<group>"; };
		17DE35CD295B8029002FA5C8 /* NumericKeyboard.swift */ = {isa = PBXFileReference; lastKnownFileType = sourcecode.swift; path = NumericKeyboard.swift; sourceTree = "<group>"; };
		17F243EA29F58F45008DAC68 /* Watch Senolop Watch App.app */ = {isa = PBXFileReference; explicitFileType = wrapper.application; includeInIndex = 0; path = "Watch Senolop Watch App.app"; sourceTree = BUILT_PRODUCTS_DIR; };
		17F243EC29F58F45008DAC68 /* Watch_SenolopApp.swift */ = {isa = PBXFileReference; lastKnownFileType = sourcecode.swift; path = Watch_SenolopApp.swift; sourceTree = "<group>"; };
		17F243EE29F58F45008DAC68 /* ContentView.swift */ = {isa = PBXFileReference; lastKnownFileType = sourcecode.swift; path = ContentView.swift; sourceTree = "<group>"; };
		17F243F029F58F49008DAC68 /* Assets.xcassets */ = {isa = PBXFileReference; lastKnownFileType = folder.assetcatalog; path = Assets.xcassets; sourceTree = "<group>"; };
		17F243F329F58F49008DAC68 /* Preview Assets.xcassets */ = {isa = PBXFileReference; lastKnownFileType = folder.assetcatalog; path = "Preview Assets.xcassets"; sourceTree = "<group>"; };
		17F243F929F58F49008DAC68 /* Watch Senolop Watch AppTests.xctest */ = {isa = PBXFileReference; explicitFileType = wrapper.cfbundle; includeInIndex = 0; path = "Watch Senolop Watch AppTests.xctest"; sourceTree = BUILT_PRODUCTS_DIR; };
		17F243FD29F58F49008DAC68 /* Watch_Senolop_Watch_AppTests.swift */ = {isa = PBXFileReference; lastKnownFileType = sourcecode.swift; path = Watch_Senolop_Watch_AppTests.swift; sourceTree = "<group>"; };
		17F2440329F58F49008DAC68 /* Watch Senolop Watch AppUITests.xctest */ = {isa = PBXFileReference; explicitFileType = wrapper.cfbundle; includeInIndex = 0; path = "Watch Senolop Watch AppUITests.xctest"; sourceTree = BUILT_PRODUCTS_DIR; };
		17F2440729F58F49008DAC68 /* Watch_Senolop_Watch_AppUITests.swift */ = {isa = PBXFileReference; lastKnownFileType = sourcecode.swift; path = Watch_Senolop_Watch_AppUITests.swift; sourceTree = "<group>"; };
		17F2440929F58F49008DAC68 /* Watch_Senolop_Watch_AppUITestsLaunchTests.swift */ = {isa = PBXFileReference; lastKnownFileType = sourcecode.swift; path = Watch_Senolop_Watch_AppUITestsLaunchTests.swift; sourceTree = "<group>"; };
/* End PBXFileReference section */

/* Begin PBXFrameworksBuildPhase section */
		173C2BF729E71FF10039DB93 /* Frameworks */ = {
			isa = PBXFrameworksBuildPhase;
			buildActionMask = 2147483647;
			files = (
			);
			runOnlyForDeploymentPostprocessing = 0;
		};
		174AC93828EE84F800E32729 /* Frameworks */ = {
			isa = PBXFrameworksBuildPhase;
			buildActionMask = 2147483647;
			files = (
			);
			runOnlyForDeploymentPostprocessing = 0;
		};
		17F243E729F58F45008DAC68 /* Frameworks */ = {
			isa = PBXFrameworksBuildPhase;
			buildActionMask = 2147483647;
			files = (
			);
			runOnlyForDeploymentPostprocessing = 0;
		};
		17F243F629F58F49008DAC68 /* Frameworks */ = {
			isa = PBXFrameworksBuildPhase;
			buildActionMask = 2147483647;
			files = (
			);
			runOnlyForDeploymentPostprocessing = 0;
		};
		17F2440029F58F49008DAC68 /* Frameworks */ = {
			isa = PBXFrameworksBuildPhase;
			buildActionMask = 2147483647;
			files = (
			);
			runOnlyForDeploymentPostprocessing = 0;
		};
/* End PBXFrameworksBuildPhase section */

/* Begin PBXGroup section */
		170B37A828F3DB4500FFF7CF /* Calculator */ = {
			isa = PBXGroup;
			children = (
				174AC97228EE85C700E32729 /* Calculator.swift */,
				17012AE9290868F500D7449C /* RPN.swift */,
				17012AEB2908699300D7449C /* Scientific.swift */,
				17012AED2908699C00D7449C /* Programmer.swift */,
				173C2C0429E841CF0039DB93 /* CalculatorHapticsFeedbackHandler.swift */,
			);
			path = Calculator;
			sourceTree = "<group>";
		};
		173C2BFB29E71FF20039DB93 /* SenolopTests */ = {
			isa = PBXGroup;
			children = (
				173C2BFC29E71FF20039DB93 /* SenolopTests.swift */,
			);
			path = SenolopTests;
			sourceTree = "<group>";
		};
		173C2C0329E732C50039DB93 /* Button */ = {
			isa = PBXGroup;
			children = (
				1708BDE928F1AB8C004C1013 /* CalculatorButton.swift */,
			);
			path = Button;
			sourceTree = "<group>";
		};
		174AC93228EE84F800E32729 = {
			isa = PBXGroup;
			children = (
				17340DE429F740A50033D100 /* macOS App Icon */,
				174AC93D28EE84F800E32729 /* Senolop */,
				173C2BFB29E71FF20039DB93 /* SenolopTests */,
				17F243EB29F58F45008DAC68 /* Watch Senolop Watch App */,
				17F243FC29F58F49008DAC68 /* Watch Senolop Watch AppTests */,
				17F2440629F58F49008DAC68 /* Watch Senolop Watch AppUITests */,
				174AC93C28EE84F800E32729 /* Products */,
				174CAE1028F14AE900901A71 /* Frameworks */,
			);
			sourceTree = "<group>";
		};
		174AC93C28EE84F800E32729 /* Products */ = {
			isa = PBXGroup;
			children = (
				174AC93B28EE84F800E32729 /* Senolop.app */,
				173C2BFA29E71FF10039DB93 /* SenolopTests.xctest */,
				17F243EA29F58F45008DAC68 /* Watch Senolop Watch App.app */,
				17F243F929F58F49008DAC68 /* Watch Senolop Watch AppTests.xctest */,
				17F2440329F58F49008DAC68 /* Watch Senolop Watch AppUITests.xctest */,
			);
			name = Products;
			sourceTree = "<group>";
		};
		174AC93D28EE84F800E32729 /* Senolop */ = {
			isa = PBXGroup;
			children = (
				17340DE529F742D90033D100 /* Info.plist */,
				174AC93E28EE84F800E32729 /* SenolopApp.swift */,
				17340DE229F73CE80033D100 /* TouchBar.swift */,
				174AC96E28EE85C700E32729 /* Shared */,
				170B37A828F3DB4500FFF7CF /* Calculator */,
				174AC96F28EE85C700E32729 /* Assets.xcassets */,
				174AC94928EE84FA00E32729 /* Senolop.entitlements */,
				174AC94A28EE84FA00E32729 /* Preview Content */,
			);
			path = Senolop;
			sourceTree = "<group>";
		};
		174AC94A28EE84FA00E32729 /* Preview Content */ = {
			isa = PBXGroup;
			children = (
				174AC94B28EE84FA00E32729 /* Preview Assets.xcassets */,
			);
			path = "Preview Content";
			sourceTree = "<group>";
		};
		174AC96E28EE85C700E32729 /* Shared */ = {
			isa = PBXGroup;
			children = (
				179F3D1228EF644D00445748 /* Keyboard */,
				174AC97B28EE85C700E32729 /* ContentView.swift */,
				17606B7128F11AD9002031DC /* CalculatorView.swift */,
				174AC97528EE85C700E32729 /* SubscriptionView.swift */,
				174AC97A28EE85C700E32729 /* IntroView.swift */,
				174AC97428EE85C700E32729 /* BinariesDisplay.swift */,
				174AC97628EE85C700E32729 /* Display.swift */,
				1708BDE728F1AAB2004C1013 /* WelcomeView.swift */,
				176EFF9829F53A5D00317BF3 /* StringResources.swift */,
			);
			path = Shared;
			sourceTree = "<group>";
		};
		174CAE1028F14AE900901A71 /* Frameworks */ = {
			isa = PBXGroup;
			children = (
				170E381428FA3BFE00A98A3C /* WidgetKit.framework */,
				170E381628FA3BFE00A98A3C /* SwiftUI.framework */,
			);
			name = Frameworks;
			sourceTree = "<group>";
		};
		179F3D1228EF644D00445748 /* Keyboard */ = {
			isa = PBXGroup;
			children = (
				173C2C0329E732C50039DB93 /* Button */,
				174AC97928EE85C700E32729 /* Keyboard.swift */,
				17DE35CD295B8029002FA5C8 /* NumericKeyboard.swift */,
				174AC97328EE85C700E32729 /* ScientificKeyboard.swift */,
				174AC97828EE85C700E32729 /* ProgrammerKeyboard.swift */,
			);
			path = Keyboard;
			sourceTree = "<group>";
		};
		17F243EB29F58F45008DAC68 /* Watch Senolop Watch App */ = {
			isa = PBXGroup;
			children = (
				17F243EC29F58F45008DAC68 /* Watch_SenolopApp.swift */,
				17F243EE29F58F45008DAC68 /* ContentView.swift */,
				17F243F029F58F49008DAC68 /* Assets.xcassets */,
				17F243F229F58F49008DAC68 /* Preview Content */,
			);
			path = "Watch Senolop Watch App";
			sourceTree = "<group>";
		};
		17F243F229F58F49008DAC68 /* Preview Content */ = {
			isa = PBXGroup;
			children = (
				17F243F329F58F49008DAC68 /* Preview Assets.xcassets */,
			);
			path = "Preview Content";
			sourceTree = "<group>";
		};
		17F243FC29F58F49008DAC68 /* Watch Senolop Watch AppTests */ = {
			isa = PBXGroup;
			children = (
				17F243FD29F58F49008DAC68 /* Watch_Senolop_Watch_AppTests.swift */,
			);
			path = "Watch Senolop Watch AppTests";
			sourceTree = "<group>";
		};
		17F2440629F58F49008DAC68 /* Watch Senolop Watch AppUITests */ = {
			isa = PBXGroup;
			children = (
				17F2440729F58F49008DAC68 /* Watch_Senolop_Watch_AppUITests.swift */,
				17F2440929F58F49008DAC68 /* Watch_Senolop_Watch_AppUITestsLaunchTests.swift */,
			);
			path = "Watch Senolop Watch AppUITests";
			sourceTree = "<group>";
		};
/* End PBXGroup section */

/* Begin PBXNativeTarget section */
		173C2BF929E71FF10039DB93 /* SenolopTests */ = {
			isa = PBXNativeTarget;
			buildConfigurationList = 173C2C0029E71FF20039DB93 /* Build configuration list for PBXNativeTarget "SenolopTests" */;
			buildPhases = (
				173C2BF629E71FF10039DB93 /* Sources */,
				173C2BF729E71FF10039DB93 /* Frameworks */,
				173C2BF829E71FF10039DB93 /* Resources */,
			);
			buildRules = (
			);
			dependencies = (
				173C2BFF29E71FF20039DB93 /* PBXTargetDependency */,
			);
			name = SenolopTests;
			productName = SenolopTests;
			productReference = 173C2BFA29E71FF10039DB93 /* SenolopTests.xctest */;
			productType = "com.apple.product-type.bundle.unit-test";
		};
		174AC93A28EE84F800E32729 /* Senolop */ = {
			isa = PBXNativeTarget;
			buildConfigurationList = 174AC96528EE84FA00E32729 /* Build configuration list for PBXNativeTarget "Senolop" */;
			buildPhases = (
				174AC93728EE84F800E32729 /* Sources */,
				174AC93828EE84F800E32729 /* Frameworks */,
				174AC93928EE84F800E32729 /* Resources */,
			);
			buildRules = (
			);
			dependencies = (
			);
			name = Senolop;
			productName = Senolop;
			productReference = 174AC93B28EE84F800E32729 /* Senolop.app */;
			productType = "com.apple.product-type.application";
		};
		17F243E929F58F45008DAC68 /* Watch Senolop Watch App */ = {
			isa = PBXNativeTarget;
			buildConfigurationList = 17F2441129F58F49008DAC68 /* Build configuration list for PBXNativeTarget "Watch Senolop Watch App" */;
			buildPhases = (
				17F243E629F58F45008DAC68 /* Sources */,
				17F243E729F58F45008DAC68 /* Frameworks */,
				17F243E829F58F45008DAC68 /* Resources */,
			);
			buildRules = (
			);
			dependencies = (
			);
			name = "Watch Senolop Watch App";
			productName = "Watch Senolop Watch App";
			productReference = 17F243EA29F58F45008DAC68 /* Watch Senolop Watch App.app */;
			productType = "com.apple.product-type.application";
		};
		17F243F829F58F49008DAC68 /* Watch Senolop Watch AppTests */ = {
			isa = PBXNativeTarget;
			buildConfigurationList = 17F2441229F58F49008DAC68 /* Build configuration list for PBXNativeTarget "Watch Senolop Watch AppTests" */;
			buildPhases = (
				17F243F529F58F49008DAC68 /* Sources */,
				17F243F629F58F49008DAC68 /* Frameworks */,
				17F243F729F58F49008DAC68 /* Resources */,
			);
			buildRules = (
			);
			dependencies = (
				17F243FB29F58F49008DAC68 /* PBXTargetDependency */,
			);
			name = "Watch Senolop Watch AppTests";
			productName = "Watch Senolop Watch AppTests";
			productReference = 17F243F929F58F49008DAC68 /* Watch Senolop Watch AppTests.xctest */;
			productType = "com.apple.product-type.bundle.unit-test";
		};
		17F2440229F58F49008DAC68 /* Watch Senolop Watch AppUITests */ = {
			isa = PBXNativeTarget;
			buildConfigurationList = 17F2441329F58F49008DAC68 /* Build configuration list for PBXNativeTarget "Watch Senolop Watch AppUITests" */;
			buildPhases = (
				17F243FF29F58F49008DAC68 /* Sources */,
				17F2440029F58F49008DAC68 /* Frameworks */,
				17F2440129F58F49008DAC68 /* Resources */,
			);
			buildRules = (
			);
			dependencies = (
				17F2440529F58F49008DAC68 /* PBXTargetDependency */,
			);
			name = "Watch Senolop Watch AppUITests";
			productName = "Watch Senolop Watch AppUITests";
			productReference = 17F2440329F58F49008DAC68 /* Watch Senolop Watch AppUITests.xctest */;
			productType = "com.apple.product-type.bundle.ui-testing";
		};
/* End PBXNativeTarget section */

/* Begin PBXProject section */
		174AC93328EE84F800E32729 /* Project object */ = {
			isa = PBXProject;
			attributes = {
				BuildIndependentTargetsInParallel = 1;
				LastSwiftUpdateCheck = 1410;
				LastUpgradeCheck = 1410;
				TargetAttributes = {
					173C2BF929E71FF10039DB93 = {
						CreatedOnToolsVersion = 14.1;
						TestTargetID = 174AC93A28EE84F800E32729;
					};
					174AC93A28EE84F800E32729 = {
						CreatedOnToolsVersion = 14.0.1;
					};
					17F243E929F58F45008DAC68 = {
						CreatedOnToolsVersion = 14.1;
					};
					17F243F829F58F49008DAC68 = {
						CreatedOnToolsVersion = 14.1;
						TestTargetID = 17F243E929F58F45008DAC68;
					};
					17F2440229F58F49008DAC68 = {
						CreatedOnToolsVersion = 14.1;
						TestTargetID = 17F243E929F58F45008DAC68;
					};
				};
			};
			buildConfigurationList = 174AC93628EE84F800E32729 /* Build configuration list for PBXProject "Senolop" */;
			compatibilityVersion = "Xcode 14.0";
			developmentRegion = en;
			hasScannedForEncodings = 0;
			knownRegions = (
				en,
				Base,
				"pt-BR",
				pl,
				es,
			);
			mainGroup = 174AC93228EE84F800E32729;
			productRefGroup = 174AC93C28EE84F800E32729 /* Products */;
			projectDirPath = "";
			projectRoot = "";
			targets = (
				174AC93A28EE84F800E32729 /* Senolop */,
				173C2BF929E71FF10039DB93 /* SenolopTests */,
				17F243E929F58F45008DAC68 /* Watch Senolop Watch App */,
				17F243F829F58F49008DAC68 /* Watch Senolop Watch AppTests */,
				17F2440229F58F49008DAC68 /* Watch Senolop Watch AppUITests */,
			);
		};
/* End PBXProject section */

/* Begin PBXResourcesBuildPhase section */
		173C2BF829E71FF10039DB93 /* Resources */ = {
			isa = PBXResourcesBuildPhase;
			buildActionMask = 2147483647;
			files = (
			);
			runOnlyForDeploymentPostprocessing = 0;
		};
		174AC93928EE84F800E32729 /* Resources */ = {
			isa = PBXResourcesBuildPhase;
			buildActionMask = 2147483647;
			files = (
				174AC94C28EE84FA00E32729 /* Preview Assets.xcassets in Resources */,
				174AC97C28EE85C700E32729 /* Assets.xcassets in Resources */,
			);
			runOnlyForDeploymentPostprocessing = 0;
		};
		17F243E829F58F45008DAC68 /* Resources */ = {
			isa = PBXResourcesBuildPhase;
			buildActionMask = 2147483647;
			files = (
				17F243F429F58F49008DAC68 /* Preview Assets.xcassets in Resources */,
				17F243F129F58F49008DAC68 /* Assets.xcassets in Resources */,
			);
			runOnlyForDeploymentPostprocessing = 0;
		};
		17F243F729F58F49008DAC68 /* Resources */ = {
			isa = PBXResourcesBuildPhase;
			buildActionMask = 2147483647;
			files = (
			);
			runOnlyForDeploymentPostprocessing = 0;
		};
		17F2440129F58F49008DAC68 /* Resources */ = {
			isa = PBXResourcesBuildPhase;
			buildActionMask = 2147483647;
			files = (
			);
			runOnlyForDeploymentPostprocessing = 0;
		};
/* End PBXResourcesBuildPhase section */

/* Begin PBXSourcesBuildPhase section */
		173C2BF629E71FF10039DB93 /* Sources */ = {
			isa = PBXSourcesBuildPhase;
			buildActionMask = 2147483647;
			files = (
				173C2BFD29E71FF20039DB93 /* SenolopTests.swift in Sources */,
			);
			runOnlyForDeploymentPostprocessing = 0;
		};
		174AC93728EE84F800E32729 /* Sources */ = {
			isa = PBXSourcesBuildPhase;
			buildActionMask = 2147483647;
			files = (
				17012AEC2908699400D7449C /* Scientific.swift in Sources */,
				174AC93F28EE84F800E32729 /* SenolopApp.swift in Sources */,
				17606B7228F11AD9002031DC /* CalculatorView.swift in Sources */,
				174AC98128EE85C700E32729 /* SubscriptionView.swift in Sources */,
				176EFF9929F53A5D00317BF3 /* StringResources.swift in Sources */,
				17340DE329F73CE80033D100 /* TouchBar.swift in Sources */,
				17012AEA290868F500D7449C /* RPN.swift in Sources */,
				17DE35CE295B8029002FA5C8 /* NumericKeyboard.swift in Sources */,
				1708BDE828F1AAB2004C1013 /* WelcomeView.swift in Sources */,
				174AC98728EE85C700E32729 /* ContentView.swift in Sources */,
				173C2C0529E841CF0039DB93 /* CalculatorHapticsFeedbackHandler.swift in Sources */,
				1708BDEA28F1AB8C004C1013 /* CalculatorButton.swift in Sources */,
				174AC98028EE85C700E32729 /* BinariesDisplay.swift in Sources */,
				17012AEE2908699C00D7449C /* Programmer.swift in Sources */,
				174AC98628EE85C700E32729 /* IntroView.swift in Sources */,
				174AC98228EE85C700E32729 /* Display.swift in Sources */,
				174AC98428EE85C700E32729 /* ProgrammerKeyboard.swift in Sources */,
				174AC97F28EE85C700E32729 /* ScientificKeyboard.swift in Sources */,
				174AC97E28EE85C700E32729 /* Calculator.swift in Sources */,
				174AC98528EE85C700E32729 /* Keyboard.swift in Sources */,
			);
			runOnlyForDeploymentPostprocessing = 0;
		};
		17F243E629F58F45008DAC68 /* Sources */ = {
			isa = PBXSourcesBuildPhase;
			buildActionMask = 2147483647;
			files = (
				17F243EF29F58F45008DAC68 /* ContentView.swift in Sources */,
				17F243ED29F58F45008DAC68 /* Watch_SenolopApp.swift in Sources */,
			);
			runOnlyForDeploymentPostprocessing = 0;
		};
		17F243F529F58F49008DAC68 /* Sources */ = {
			isa = PBXSourcesBuildPhase;
			buildActionMask = 2147483647;
			files = (
				17F243FE29F58F49008DAC68 /* Watch_Senolop_Watch_AppTests.swift in Sources */,
			);
			runOnlyForDeploymentPostprocessing = 0;
		};
		17F243FF29F58F49008DAC68 /* Sources */ = {
			isa = PBXSourcesBuildPhase;
			buildActionMask = 2147483647;
			files = (
				17F2440829F58F49008DAC68 /* Watch_Senolop_Watch_AppUITests.swift in Sources */,
				17F2440A29F58F49008DAC68 /* Watch_Senolop_Watch_AppUITestsLaunchTests.swift in Sources */,
			);
			runOnlyForDeploymentPostprocessing = 0;
		};
/* End PBXSourcesBuildPhase section */

/* Begin PBXTargetDependency section */
		173C2BFF29E71FF20039DB93 /* PBXTargetDependency */ = {
			isa = PBXTargetDependency;
			target = 174AC93A28EE84F800E32729 /* Senolop */;
			targetProxy = 173C2BFE29E71FF20039DB93 /* PBXContainerItemProxy */;
		};
		17F243FB29F58F49008DAC68 /* PBXTargetDependency */ = {
			isa = PBXTargetDependency;
			target = 17F243E929F58F45008DAC68 /* Watch Senolop Watch App */;
			targetProxy = 17F243FA29F58F49008DAC68 /* PBXContainerItemProxy */;
		};
		17F2440529F58F49008DAC68 /* PBXTargetDependency */ = {
			isa = PBXTargetDependency;
			target = 17F243E929F58F45008DAC68 /* Watch Senolop Watch App */;
			targetProxy = 17F2440429F58F49008DAC68 /* PBXContainerItemProxy */;
		};
/* End PBXTargetDependency section */

/* Begin XCBuildConfiguration section */
		173C2C0129E71FF20039DB93 /* Debug */ = {
			isa = XCBuildConfiguration;
			buildSettings = {
				BUNDLE_LOADER = "$(TEST_HOST)";
				CODE_SIGN_STYLE = Automatic;
				CURRENT_PROJECT_VERSION = 1;
				DEVELOPMENT_TEAM = 55XL2R5538;
				GENERATE_INFOPLIST_FILE = YES;
				MARKETING_VERSION = 1.0;
				PRODUCT_BUNDLE_IDENTIFIER = tech.wcorp.SenolopTests;
				PRODUCT_NAME = "$(TARGET_NAME)";
				SDKROOT = appletvos;
				SUPPORTED_PLATFORMS = "iphoneos iphonesimulator macosx";
				SUPPORTS_MACCATALYST = NO;
				SUPPORTS_MAC_DESIGNED_FOR_IPHONE_IPAD = NO;
				SWIFT_EMIT_LOC_STRINGS = NO;
				SWIFT_VERSION = 5.0;
				TARGETED_DEVICE_FAMILY = 1;
				TEST_HOST = "$(BUILT_PRODUCTS_DIR)/Senolop.app/$(BUNDLE_EXECUTABLE_FOLDER_PATH)/Senolop";
				TVOS_DEPLOYMENT_TARGET = 16.0;
			};
			name = Debug;
		};
		173C2C0229E71FF20039DB93 /* Release */ = {
			isa = XCBuildConfiguration;
			buildSettings = {
				BUNDLE_LOADER = "$(TEST_HOST)";
				CODE_SIGN_STYLE = Automatic;
				CURRENT_PROJECT_VERSION = 1;
				DEVELOPMENT_TEAM = 55XL2R5538;
				GENERATE_INFOPLIST_FILE = YES;
				MARKETING_VERSION = 1.0;
				PRODUCT_BUNDLE_IDENTIFIER = tech.wcorp.SenolopTests;
				PRODUCT_NAME = "$(TARGET_NAME)";
				SDKROOT = appletvos;
				SUPPORTED_PLATFORMS = "iphoneos iphonesimulator macosx";
				SUPPORTS_MACCATALYST = NO;
				SUPPORTS_MAC_DESIGNED_FOR_IPHONE_IPAD = NO;
				SWIFT_EMIT_LOC_STRINGS = NO;
				SWIFT_VERSION = 5.0;
				TARGETED_DEVICE_FAMILY = 1;
				TEST_HOST = "$(BUILT_PRODUCTS_DIR)/Senolop.app/$(BUNDLE_EXECUTABLE_FOLDER_PATH)/Senolop";
				TVOS_DEPLOYMENT_TARGET = 16.0;
				VALIDATE_PRODUCT = YES;
			};
			name = Release;
		};
		174AC96328EE84FA00E32729 /* Debug */ = {
			isa = XCBuildConfiguration;
			buildSettings = {
				ALWAYS_SEARCH_USER_PATHS = NO;
				CLANG_ANALYZER_NONNULL = YES;
				CLANG_ANALYZER_NUMBER_OBJECT_CONVERSION = YES_AGGRESSIVE;
				CLANG_CXX_LANGUAGE_STANDARD = "gnu++20";
				CLANG_ENABLE_MODULES = YES;
				CLANG_ENABLE_OBJC_ARC = YES;
				CLANG_ENABLE_OBJC_WEAK = YES;
				CLANG_WARN_BLOCK_CAPTURE_AUTORELEASING = YES;
				CLANG_WARN_BOOL_CONVERSION = YES;
				CLANG_WARN_COMMA = YES;
				CLANG_WARN_CONSTANT_CONVERSION = YES;
				CLANG_WARN_DEPRECATED_OBJC_IMPLEMENTATIONS = YES;
				CLANG_WARN_DIRECT_OBJC_ISA_USAGE = YES_ERROR;
				CLANG_WARN_DOCUMENTATION_COMMENTS = YES;
				CLANG_WARN_EMPTY_BODY = YES;
				CLANG_WARN_ENUM_CONVERSION = YES;
				CLANG_WARN_INFINITE_RECURSION = YES;
				CLANG_WARN_INT_CONVERSION = YES;
				CLANG_WARN_NON_LITERAL_NULL_CONVERSION = YES;
				CLANG_WARN_OBJC_IMPLICIT_RETAIN_SELF = YES;
				CLANG_WARN_OBJC_LITERAL_CONVERSION = YES;
				CLANG_WARN_OBJC_ROOT_CLASS = YES_ERROR;
				CLANG_WARN_QUOTED_INCLUDE_IN_FRAMEWORK_HEADER = YES;
				CLANG_WARN_RANGE_LOOP_ANALYSIS = YES;
				CLANG_WARN_STRICT_PROTOTYPES = YES;
				CLANG_WARN_SUSPICIOUS_MOVE = YES;
				CLANG_WARN_UNGUARDED_AVAILABILITY = YES_AGGRESSIVE;
				CLANG_WARN_UNREACHABLE_CODE = YES;
				CLANG_WARN__DUPLICATE_METHOD_MATCH = YES;
				COPY_PHASE_STRIP = NO;
				DEAD_CODE_STRIPPING = YES;
				DEBUG_INFORMATION_FORMAT = dwarf;
				ENABLE_STRICT_OBJC_MSGSEND = YES;
				ENABLE_TESTABILITY = YES;
				GCC_C_LANGUAGE_STANDARD = gnu11;
				GCC_DYNAMIC_NO_PIC = NO;
				GCC_NO_COMMON_BLOCKS = YES;
				GCC_OPTIMIZATION_LEVEL = 0;
				GCC_PREPROCESSOR_DEFINITIONS = (
					"DEBUG=1",
					"$(inherited)",
				);
				GCC_WARN_64_TO_32_BIT_CONVERSION = YES;
				GCC_WARN_ABOUT_RETURN_TYPE = YES_ERROR;
				GCC_WARN_UNDECLARED_SELECTOR = YES;
				GCC_WARN_UNINITIALIZED_AUTOS = YES_AGGRESSIVE;
				GCC_WARN_UNUSED_FUNCTION = YES;
				GCC_WARN_UNUSED_VARIABLE = YES;
				MTL_ENABLE_DEBUG_INFO = INCLUDE_SOURCE;
				MTL_FAST_MATH = YES;
				ONLY_ACTIVE_ARCH = YES;
				SWIFT_ACTIVE_COMPILATION_CONDITIONS = DEBUG;
				SWIFT_OPTIMIZATION_LEVEL = "-Onone";
			};
			name = Debug;
		};
		174AC96428EE84FA00E32729 /* Release */ = {
			isa = XCBuildConfiguration;
			buildSettings = {
				ALWAYS_SEARCH_USER_PATHS = NO;
				CLANG_ANALYZER_NONNULL = YES;
				CLANG_ANALYZER_NUMBER_OBJECT_CONVERSION = YES_AGGRESSIVE;
				CLANG_CXX_LANGUAGE_STANDARD = "gnu++20";
				CLANG_ENABLE_MODULES = YES;
				CLANG_ENABLE_OBJC_ARC = YES;
				CLANG_ENABLE_OBJC_WEAK = YES;
				CLANG_WARN_BLOCK_CAPTURE_AUTORELEASING = YES;
				CLANG_WARN_BOOL_CONVERSION = YES;
				CLANG_WARN_COMMA = YES;
				CLANG_WARN_CONSTANT_CONVERSION = YES;
				CLANG_WARN_DEPRECATED_OBJC_IMPLEMENTATIONS = YES;
				CLANG_WARN_DIRECT_OBJC_ISA_USAGE = YES_ERROR;
				CLANG_WARN_DOCUMENTATION_COMMENTS = YES;
				CLANG_WARN_EMPTY_BODY = YES;
				CLANG_WARN_ENUM_CONVERSION = YES;
				CLANG_WARN_INFINITE_RECURSION = YES;
				CLANG_WARN_INT_CONVERSION = YES;
				CLANG_WARN_NON_LITERAL_NULL_CONVERSION = YES;
				CLANG_WARN_OBJC_IMPLICIT_RETAIN_SELF = YES;
				CLANG_WARN_OBJC_LITERAL_CONVERSION = YES;
				CLANG_WARN_OBJC_ROOT_CLASS = YES_ERROR;
				CLANG_WARN_QUOTED_INCLUDE_IN_FRAMEWORK_HEADER = YES;
				CLANG_WARN_RANGE_LOOP_ANALYSIS = YES;
				CLANG_WARN_STRICT_PROTOTYPES = YES;
				CLANG_WARN_SUSPICIOUS_MOVE = YES;
				CLANG_WARN_UNGUARDED_AVAILABILITY = YES_AGGRESSIVE;
				CLANG_WARN_UNREACHABLE_CODE = YES;
				CLANG_WARN__DUPLICATE_METHOD_MATCH = YES;
				COPY_PHASE_STRIP = NO;
				DEAD_CODE_STRIPPING = YES;
				DEBUG_INFORMATION_FORMAT = "dwarf-with-dsym";
				ENABLE_NS_ASSERTIONS = NO;
				ENABLE_STRICT_OBJC_MSGSEND = YES;
				GCC_C_LANGUAGE_STANDARD = gnu11;
				GCC_NO_COMMON_BLOCKS = YES;
				GCC_WARN_64_TO_32_BIT_CONVERSION = YES;
				GCC_WARN_ABOUT_RETURN_TYPE = YES_ERROR;
				GCC_WARN_UNDECLARED_SELECTOR = YES;
				GCC_WARN_UNINITIALIZED_AUTOS = YES_AGGRESSIVE;
				GCC_WARN_UNUSED_FUNCTION = YES;
				GCC_WARN_UNUSED_VARIABLE = YES;
				MTL_ENABLE_DEBUG_INFO = NO;
				MTL_FAST_MATH = YES;
				SWIFT_COMPILATION_MODE = wholemodule;
				SWIFT_OPTIMIZATION_LEVEL = "-O";
			};
			name = Release;
		};
		174AC96628EE84FA00E32729 /* Debug */ = {
			isa = XCBuildConfiguration;
			buildSettings = {
				ASSETCATALOG_COMPILER_APPICON_NAME = AppIcon;
				ASSETCATALOG_COMPILER_GLOBAL_ACCENT_COLOR_NAME = AccentColor;
				CODE_SIGN_ENTITLEMENTS = Senolop/Senolop.entitlements;
				CODE_SIGN_STYLE = Automatic;
				CURRENT_PROJECT_VERSION = 1;
				DEVELOPMENT_ASSET_PATHS = "\"Senolop/Preview Content\"";
				DEVELOPMENT_TEAM = 55XL2R5538;
				ENABLE_HARDENED_RUNTIME = YES;
				"ENABLE_HARDENED_RUNTIME[sdk=macosx*]" = YES;
				ENABLE_PREVIEWS = YES;
				GENERATE_INFOPLIST_FILE = YES;
				INFOPLIST_FILE = Senolop/Info.plist;
				INFOPLIST_KEY_LSApplicationCategoryType = "public.app-category.developer-tools";
				"INFOPLIST_KEY_UIApplicationSceneManifest_Generation[sdk=iphoneos*]" = YES;
				"INFOPLIST_KEY_UIApplicationSceneManifest_Generation[sdk=iphonesimulator*]" = YES;
				INFOPLIST_KEY_UIApplicationSupportsIndirectInputEvents = YES;
				"INFOPLIST_KEY_UIApplicationSupportsIndirectInputEvents[sdk=iphoneos*]" = YES;
				"INFOPLIST_KEY_UIApplicationSupportsIndirectInputEvents[sdk=iphonesimulator*]" = YES;
				INFOPLIST_KEY_UILaunchScreen_Generation = YES;
				"INFOPLIST_KEY_UILaunchScreen_Generation[sdk=iphoneos*]" = YES;
				"INFOPLIST_KEY_UILaunchScreen_Generation[sdk=iphonesimulator*]" = YES;
				INFOPLIST_KEY_UIStatusBarStyle = UIStatusBarStyleDefault;
				"INFOPLIST_KEY_UIStatusBarStyle[sdk=iphoneos*]" = UIStatusBarStyleDefault;
				"INFOPLIST_KEY_UIStatusBarStyle[sdk=iphonesimulator*]" = UIStatusBarStyleDefault;
				INFOPLIST_KEY_UISupportedInterfaceOrientations = "UIInterfaceOrientationLandscapeLeft UIInterfaceOrientationLandscapeRight UIInterfaceOrientationPortrait UIInterfaceOrientationPortraitUpsideDown";
				IPHONEOS_DEPLOYMENT_TARGET = 14.0;
				LD_RUNPATH_SEARCH_PATHS = "@executable_path/Frameworks";
				"LD_RUNPATH_SEARCH_PATHS[sdk=macosx*]" = "@executable_path/../Frameworks";
				MACOSX_DEPLOYMENT_TARGET = 12.0;
				MARKETING_VERSION = 1.0.2;
				PRODUCT_BUNDLE_IDENTIFIER = tech.wcorp.Senolop;
				PRODUCT_NAME = "$(TARGET_NAME)";
				SDKROOT = iphoneos;
				SUPPORTED_PLATFORMS = "appletvos appletvsimulator iphoneos iphonesimulator macosx";
				SUPPORTS_MACCATALYST = NO;
				SUPPORTS_MAC_DESIGNED_FOR_IPHONE_IPAD = NO;
				SWIFT_EMIT_LOC_STRINGS = YES;
				SWIFT_VERSION = 5.0;
				TARGETED_DEVICE_FAMILY = "1,3";
				TVOS_DEPLOYMENT_TARGET = 14.0;
			};
			name = Debug;
		};
		174AC96728EE84FA00E32729 /* Release */ = {
			isa = XCBuildConfiguration;
			buildSettings = {
				ASSETCATALOG_COMPILER_APPICON_NAME = AppIcon;
				ASSETCATALOG_COMPILER_GLOBAL_ACCENT_COLOR_NAME = AccentColor;
				CODE_SIGN_ENTITLEMENTS = Senolop/Senolop.entitlements;
				CODE_SIGN_STYLE = Automatic;
				CURRENT_PROJECT_VERSION = 1;
				DEVELOPMENT_ASSET_PATHS = "\"Senolop/Preview Content\"";
				DEVELOPMENT_TEAM = 55XL2R5538;
				ENABLE_HARDENED_RUNTIME = YES;
				"ENABLE_HARDENED_RUNTIME[sdk=macosx*]" = YES;
				ENABLE_PREVIEWS = YES;
				GENERATE_INFOPLIST_FILE = YES;
				INFOPLIST_FILE = Senolop/Info.plist;
				INFOPLIST_KEY_LSApplicationCategoryType = "public.app-category.developer-tools";
				"INFOPLIST_KEY_UIApplicationSceneManifest_Generation[sdk=iphoneos*]" = YES;
				"INFOPLIST_KEY_UIApplicationSceneManifest_Generation[sdk=iphonesimulator*]" = YES;
				INFOPLIST_KEY_UIApplicationSupportsIndirectInputEvents = YES;
				"INFOPLIST_KEY_UIApplicationSupportsIndirectInputEvents[sdk=iphoneos*]" = YES;
				"INFOPLIST_KEY_UIApplicationSupportsIndirectInputEvents[sdk=iphonesimulator*]" = YES;
				INFOPLIST_KEY_UILaunchScreen_Generation = YES;
				"INFOPLIST_KEY_UILaunchScreen_Generation[sdk=iphoneos*]" = YES;
				"INFOPLIST_KEY_UILaunchScreen_Generation[sdk=iphonesimulator*]" = YES;
				INFOPLIST_KEY_UIStatusBarStyle = UIStatusBarStyleDefault;
				"INFOPLIST_KEY_UIStatusBarStyle[sdk=iphoneos*]" = UIStatusBarStyleDefault;
				"INFOPLIST_KEY_UIStatusBarStyle[sdk=iphonesimulator*]" = UIStatusBarStyleDefault;
				INFOPLIST_KEY_UISupportedInterfaceOrientations = "UIInterfaceOrientationLandscapeLeft UIInterfaceOrientationLandscapeRight UIInterfaceOrientationPortrait UIInterfaceOrientationPortraitUpsideDown";
				IPHONEOS_DEPLOYMENT_TARGET = 14.0;
				LD_RUNPATH_SEARCH_PATHS = "@executable_path/Frameworks";
				"LD_RUNPATH_SEARCH_PATHS[sdk=macosx*]" = "@executable_path/../Frameworks";
				MACOSX_DEPLOYMENT_TARGET = 12.0;
				MARKETING_VERSION = 1.0.2;
				PRODUCT_BUNDLE_IDENTIFIER = tech.wcorp.Senolop;
				PRODUCT_NAME = "$(TARGET_NAME)";
				SDKROOT = iphoneos;
				SUPPORTED_PLATFORMS = "appletvos appletvsimulator iphoneos iphonesimulator macosx";
				SUPPORTS_MACCATALYST = NO;
				SUPPORTS_MAC_DESIGNED_FOR_IPHONE_IPAD = NO;
				SWIFT_EMIT_LOC_STRINGS = YES;
				SWIFT_VERSION = 5.0;
				TARGETED_DEVICE_FAMILY = "1,3";
				TVOS_DEPLOYMENT_TARGET = 14.0;
			};
			name = Release;
		};
		17F2440B29F58F49008DAC68 /* Debug */ = {
			isa = XCBuildConfiguration;
			buildSettings = {
				ASSETCATALOG_COMPILER_APPICON_NAME = AppIcon;
				ASSETCATALOG_COMPILER_GLOBAL_ACCENT_COLOR_NAME = AccentColor;
				CODE_SIGN_STYLE = Automatic;
				CURRENT_PROJECT_VERSION = 1;
				DEVELOPMENT_ASSET_PATHS = "\"Watch Senolop Watch App/Preview Content\"";
				DEVELOPMENT_TEAM = 55XL2R5538;
				ENABLE_PREVIEWS = YES;
				GENERATE_INFOPLIST_FILE = YES;
				INFOPLIST_KEY_CFBundleDisplayName = "Watch Senolop";
				INFOPLIST_KEY_UISupportedInterfaceOrientations = "UIInterfaceOrientationPortrait UIInterfaceOrientationPortraitUpsideDown";
				INFOPLIST_KEY_WKCompanionAppBundleIdentifier = "";
				LD_RUNPATH_SEARCH_PATHS = (
					"$(inherited)",
					"@executable_path/Frameworks",
				);
				MARKETING_VERSION = 1.0;
				PRODUCT_BUNDLE_IDENTIFIER = .watchkitapp;
				PRODUCT_NAME = "$(TARGET_NAME)";
				SDKROOT = watchos;
				SKIP_INSTALL = YES;
				SWIFT_EMIT_LOC_STRINGS = YES;
				SWIFT_VERSION = 5.0;
				TARGETED_DEVICE_FAMILY = 4;
				WATCHOS_DEPLOYMENT_TARGET = 9.1;
			};
			name = Debug;
		};
		17F2440C29F58F49008DAC68 /* Release */ = {
			isa = XCBuildConfiguration;
			buildSettings = {
				ASSETCATALOG_COMPILER_APPICON_NAME = AppIcon;
				ASSETCATALOG_COMPILER_GLOBAL_ACCENT_COLOR_NAME = AccentColor;
				CODE_SIGN_STYLE = Automatic;
				CURRENT_PROJECT_VERSION = 1;
				DEVELOPMENT_ASSET_PATHS = "\"Watch Senolop Watch App/Preview Content\"";
				DEVELOPMENT_TEAM = 55XL2R5538;
				ENABLE_PREVIEWS = YES;
				GENERATE_INFOPLIST_FILE = YES;
				INFOPLIST_KEY_CFBundleDisplayName = "Watch Senolop";
				INFOPLIST_KEY_UISupportedInterfaceOrientations = "UIInterfaceOrientationPortrait UIInterfaceOrientationPortraitUpsideDown";
				INFOPLIST_KEY_WKCompanionAppBundleIdentifier = "";
				LD_RUNPATH_SEARCH_PATHS = (
					"$(inherited)",
					"@executable_path/Frameworks",
				);
				MARKETING_VERSION = 1.0;
				PRODUCT_BUNDLE_IDENTIFIER = .watchkitapp;
				PRODUCT_NAME = "$(TARGET_NAME)";
				SDKROOT = watchos;
				SKIP_INSTALL = YES;
				SWIFT_EMIT_LOC_STRINGS = YES;
				SWIFT_VERSION = 5.0;
				TARGETED_DEVICE_FAMILY = 4;
				VALIDATE_PRODUCT = YES;
				WATCHOS_DEPLOYMENT_TARGET = 9.1;
			};
			name = Release;
		};
		17F2440D29F58F49008DAC68 /* Debug */ = {
			isa = XCBuildConfiguration;
			buildSettings = {
				ALWAYS_EMBED_SWIFT_STANDARD_LIBRARIES = YES;
				BUNDLE_LOADER = "$(TEST_HOST)";
				CODE_SIGN_STYLE = Automatic;
				CURRENT_PROJECT_VERSION = 1;
				DEVELOPMENT_TEAM = 55XL2R5538;
				GENERATE_INFOPLIST_FILE = YES;
				MARKETING_VERSION = 1.0;
				PRODUCT_BUNDLE_IDENTIFIER = "tech.wcorp.Watch-Senolop-Watch-AppTests";
				PRODUCT_NAME = "$(TARGET_NAME)";
				SDKROOT = watchos;
				SWIFT_EMIT_LOC_STRINGS = NO;
				SWIFT_VERSION = 5.0;
				TARGETED_DEVICE_FAMILY = 4;
				TEST_HOST = "$(BUILT_PRODUCTS_DIR)/Watch Senolop Watch App.app/$(BUNDLE_EXECUTABLE_FOLDER_PATH)/Watch Senolop Watch App";
				WATCHOS_DEPLOYMENT_TARGET = 9.1;
			};
			name = Debug;
		};
		17F2440E29F58F49008DAC68 /* Release */ = {
			isa = XCBuildConfiguration;
			buildSettings = {
				ALWAYS_EMBED_SWIFT_STANDARD_LIBRARIES = YES;
				BUNDLE_LOADER = "$(TEST_HOST)";
				CODE_SIGN_STYLE = Automatic;
				CURRENT_PROJECT_VERSION = 1;
				DEVELOPMENT_TEAM = 55XL2R5538;
				GENERATE_INFOPLIST_FILE = YES;
				MARKETING_VERSION = 1.0;
				PRODUCT_BUNDLE_IDENTIFIER = "tech.wcorp.Watch-Senolop-Watch-AppTests";
				PRODUCT_NAME = "$(TARGET_NAME)";
				SDKROOT = watchos;
				SWIFT_EMIT_LOC_STRINGS = NO;
				SWIFT_VERSION = 5.0;
				TARGETED_DEVICE_FAMILY = 4;
				TEST_HOST = "$(BUILT_PRODUCTS_DIR)/Watch Senolop Watch App.app/$(BUNDLE_EXECUTABLE_FOLDER_PATH)/Watch Senolop Watch App";
				VALIDATE_PRODUCT = YES;
				WATCHOS_DEPLOYMENT_TARGET = 9.1;
			};
			name = Release;
		};
		17F2440F29F58F49008DAC68 /* Debug */ = {
			isa = XCBuildConfiguration;
			buildSettings = {
				ALWAYS_EMBED_SWIFT_STANDARD_LIBRARIES = YES;
				CODE_SIGN_STYLE = Automatic;
				CURRENT_PROJECT_VERSION = 1;
				DEVELOPMENT_TEAM = 55XL2R5538;
				GENERATE_INFOPLIST_FILE = YES;
				MARKETING_VERSION = 1.0;
				PRODUCT_BUNDLE_IDENTIFIER = "tech.wcorp.Watch-Senolop-Watch-AppUITests";
				PRODUCT_NAME = "$(TARGET_NAME)";
				SDKROOT = watchos;
				SWIFT_EMIT_LOC_STRINGS = NO;
				SWIFT_VERSION = 5.0;
				TARGETED_DEVICE_FAMILY = 4;
				TEST_TARGET_NAME = "Watch Senolop Watch App";
				WATCHOS_DEPLOYMENT_TARGET = 9.1;
			};
			name = Debug;
		};
		17F2441029F58F49008DAC68 /* Release */ = {
			isa = XCBuildConfiguration;
			buildSettings = {
				ALWAYS_EMBED_SWIFT_STANDARD_LIBRARIES = YES;
				CODE_SIGN_STYLE = Automatic;
				CURRENT_PROJECT_VERSION = 1;
				DEVELOPMENT_TEAM = 55XL2R5538;
				GENERATE_INFOPLIST_FILE = YES;
				MARKETING_VERSION = 1.0;
				PRODUCT_BUNDLE_IDENTIFIER = "tech.wcorp.Watch-Senolop-Watch-AppUITests";
				PRODUCT_NAME = "$(TARGET_NAME)";
				SDKROOT = watchos;
				SWIFT_EMIT_LOC_STRINGS = NO;
				SWIFT_VERSION = 5.0;
				TARGETED_DEVICE_FAMILY = 4;
				TEST_TARGET_NAME = "Watch Senolop Watch App";
				VALIDATE_PRODUCT = YES;
				WATCHOS_DEPLOYMENT_TARGET = 9.1;
			};
			name = Release;
		};
/* End XCBuildConfiguration section */

/* Begin XCConfigurationList section */
		173C2C0029E71FF20039DB93 /* Build configuration list for PBXNativeTarget "SenolopTests" */ = {
			isa = XCConfigurationList;
			buildConfigurations = (
				173C2C0129E71FF20039DB93 /* Debug */,
				173C2C0229E71FF20039DB93 /* Release */,
			);
			defaultConfigurationIsVisible = 0;
			defaultConfigurationName = Release;
		};
		174AC93628EE84F800E32729 /* Build configuration list for PBXProject "Senolop" */ = {
			isa = XCConfigurationList;
			buildConfigurations = (
				174AC96328EE84FA00E32729 /* Debug */,
				174AC96428EE84FA00E32729 /* Release */,
			);
			defaultConfigurationIsVisible = 0;
			defaultConfigurationName = Release;
		};
		174AC96528EE84FA00E32729 /* Build configuration list for PBXNativeTarget "Senolop" */ = {
			isa = XCConfigurationList;
			buildConfigurations = (
				174AC96628EE84FA00E32729 /* Debug */,
				174AC96728EE84FA00E32729 /* Release */,
			);
			defaultConfigurationIsVisible = 0;
			defaultConfigurationName = Release;
		};
		17F2441129F58F49008DAC68 /* Build configuration list for PBXNativeTarget "Watch Senolop Watch App" */ = {
			isa = XCConfigurationList;
			buildConfigurations = (
				17F2440B29F58F49008DAC68 /* Debug */,
				17F2440C29F58F49008DAC68 /* Release */,
			);
			defaultConfigurationIsVisible = 0;
			defaultConfigurationName = Release;
		};
		17F2441229F58F49008DAC68 /* Build configuration list for PBXNativeTarget "Watch Senolop Watch AppTests" */ = {
			isa = XCConfigurationList;
			buildConfigurations = (
				17F2440D29F58F49008DAC68 /* Debug */,
				17F2440E29F58F49008DAC68 /* Release */,
			);
			defaultConfigurationIsVisible = 0;
			defaultConfigurationName = Release;
		};
		17F2441329F58F49008DAC68 /* Build configuration list for PBXNativeTarget "Watch Senolop Watch AppUITests" */ = {
			isa = XCConfigurationList;
			buildConfigurations = (
				17F2440F29F58F49008DAC68 /* Debug */,
				17F2441029F58F49008DAC68 /* Release */,
			);
			defaultConfigurationIsVisible = 0;
			defaultConfigurationName = Release;
		};
/* End XCConfigurationList section */
	};
	rootObject = 174AC93328EE84F800E32729 /* Project object */;
}
